// !$*UTF8*$!
{
	archiveVersion = 1;
	classes = {
	};
	objectVersion = 46;
	objects = {

/* Begin PBXBuildFile section */
		0207DA581B56EA530066E2B4 /* Images.xcassets in Resources */ = {isa = PBXBuildFile; fileRef = 0207DA571B56EA530066E2B4 /* Images.xcassets */; };
		072FCC51E222428A87D4B7CE /* ReaderConstants.m in Sources */ = {isa = PBXBuildFile; fileRef = AC286ACD3B6546DCB5DD74BD /* ReaderConstants.m */; };
		0D45E9FE848341CD82AFC4ED /* CDVStatusBar.m in Sources */ = {isa = PBXBuildFile; fileRef = 2E63EAA0DE0540A29331D0D9 /* CDVStatusBar.m */; };
		102D07FD3E0C4DC2918AC197 /* ReaderThumbView.m in Sources */ = {isa = PBXBuildFile; fileRef = DBA1ACF717B94447B98EE894 /* ReaderThumbView.m */; };
		14E5AF15969B4D93816994DC /* ReaderMainPagebar.m in Sources */ = {isa = PBXBuildFile; fileRef = 4A1CB176CE6740419A863DD4 /* ReaderMainPagebar.m */; };
		1D3623260D0F684500981E51 /* AppDelegate.m in Sources */ = {isa = PBXBuildFile; fileRef = 1D3623250D0F684500981E51 /* AppDelegate.m */; };
		1D60589B0D05DD56006BFB54 /* main.m in Sources */ = {isa = PBXBuildFile; fileRef = 29B97316FDCFA39411CA2CEA /* main.m */; };
		1F844D7729B34F3A89CE737E /* SDVReader-SinglePage@2x.png in Resources */ = {isa = PBXBuildFile; fileRef = 30A74C65216A4395AEF6FCE9 /* SDVReader-SinglePage@2x.png */; };
		21AADE7CE0A54AD096BFD345 /* SDVReaderViewController.m in Sources */ = {isa = PBXBuildFile; fileRef = EB028DED254E47A2A518C02D /* SDVReaderViewController.m */; };
		2207B8ABE83B4D2DBBE6BEBA /* CDVFile.m in Sources */ = {isa = PBXBuildFile; fileRef = 3197C6CA14684807B0CDEF28 /* CDVFile.m */; };
		268185284299472081C3FA4E /* SDVReader-CoverPage@2x.png in Resources */ = {isa = PBXBuildFile; fileRef = 5E670EFF721D4730B318E939 /* SDVReader-CoverPage@2x.png */; };
		2B41DF1D942B4478A13DAAEC /* ImageIO.framework in Frameworks */ = {isa = PBXBuildFile; fileRef = 01000D3E77C04CFB871EF850 /* ImageIO.framework */; };
		2D8A25D7FCF44115A7E24073 /* Reader-Button-N@2x.png in Resources */ = {isa = PBXBuildFile; fileRef = 6EBF38CBE8904F4F81B30F85 /* Reader-Button-N@2x.png */; };
		2FF953C50CD04DB48F3ADF16 /* CDVWKWebViewEngine+FileXhrFix.m in Sources */ = {isa = PBXBuildFile; fileRef = 2D8E8AFE1F84471A8C8592EC /* CDVWKWebViewEngine+FileXhrFix.m */; };
		301BF552109A68D80062928A /* libCordova.a in Frameworks */ = {isa = PBXBuildFile; fileRef = 301BF535109A57CC0062928A /* libCordova.a */; settings = {ATTRIBUTES = (Required, ); }; };
		302D95F114D2391D003F00A1 /* MainViewController.m in Sources */ = {isa = PBXBuildFile; fileRef = 302D95EF14D2391D003F00A1 /* MainViewController.m */; };
		302D95F214D2391D003F00A1 /* MainViewController.xib in Resources */ = {isa = PBXBuildFile; fileRef = 302D95F014D2391D003F00A1 /* MainViewController.xib */; };
		346036438E3B47E69DB9C398 /* UIXToolbarView.m in Sources */ = {isa = PBXBuildFile; fileRef = 39AAB365C1584741AC6CEEE1 /* UIXToolbarView.m */; };
		363116F3961F4A69BF697D01 /* SDVReaderContentViewDoublePage.m in Sources */ = {isa = PBXBuildFile; fileRef = AD6A7F96187A414B95354DE9 /* SDVReaderContentViewDoublePage.m */; };
		39C4E689764B401AB9C86D37 /* CDVDevice.m in Sources */ = {isa = PBXBuildFile; fileRef = EBB1EB8A40CB4BAFBCCE4C20 /* CDVDevice.m */; };
		3BAE42868C6748BE983E4FC8 /* ThumbsMainToolbar.m in Sources */ = {isa = PBXBuildFile; fileRef = B67DBF230D58430BB31F99E0 /* ThumbsMainToolbar.m */; };
		41D69A0C7147449B92BCA02D /* QuartzCore.framework in Frameworks */ = {isa = PBXBuildFile; fileRef = 4CD3D48804BB4144A763630D /* QuartzCore.framework */; };
		4BA0F6403E074779B1D9C15B /* SDVReader-DoublePage.png in Resources */ = {isa = PBXBuildFile; fileRef = 0A7E0DF422804446A93AE4AC /* SDVReader-DoublePage.png */; };
		4E83BA51D9334DEA85481A80 /* ReaderMainToolbar.m in Sources */ = {isa = PBXBuildFile; fileRef = F4AB0C316C454216ADA2CF45 /* ReaderMainToolbar.m */; };
		5132BFA53C5148739FA146EA /* UIKit.framework in Frameworks */ = {isa = PBXBuildFile; fileRef = ABEB9A77A3BC4C888C6CA665 /* UIKit.framework */; };
		552600CB68DB4711B00427BC /* Reader-Print@2x.png in Resources */ = {isa = PBXBuildFile; fileRef = BF706E11592745CC9E25414B /* Reader-Print@2x.png */; };
		5BB296E5BC804DF9804FAAE4 /* ReaderThumbRequest.m in Sources */ = {isa = PBXBuildFile; fileRef = 630D4C05AF3C440BA8134412 /* ReaderThumbRequest.m */; };
		6533C48B1DA2481BAD63B124 /* ReaderThumbCache.m in Sources */ = {isa = PBXBuildFile; fileRef = 065FC3C4D51241F18EF6121C /* ReaderThumbCache.m */; };
		661C76E2FAF64F29A28DF040 /* SDVReader-DoublePage@2x.png in Resources */ = {isa = PBXBuildFile; fileRef = 2346D05004B04EE5A5324C48 /* SDVReader-DoublePage@2x.png */; };
		696397FCCCCB4C77BFEE0A05 /* CDVWKWebViewUIDelegate.m in Sources */ = {isa = PBXBuildFile; fileRef = FD698E21131E44569EE4D0BA /* CDVWKWebViewUIDelegate.m */; };
		699F86F7542A405E98045187 /* Reader-Email@2x.png in Resources */ = {isa = PBXBuildFile; fileRef = 2D100C19587C4DA1AA4C1766 /* Reader-Email@2x.png */; };
		69A54AE0F16640759543AA2C /* ReaderThumbFetch.m in Sources */ = {isa = PBXBuildFile; fileRef = EA01B8493D3E4324888D51D8 /* ReaderThumbFetch.m */; };
		69C15239484F4E739BE7FDF4 /* SDVThumbsMainToolbar.m in Sources */ = {isa = PBXBuildFile; fileRef = C2DDA514C0CF431F98C42765 /* SDVThumbsMainToolbar.m */; };
		6AFF5BF91D6E424B00AB3073 /* CDVLaunchScreen.storyboard in Resources */ = {isa = PBXBuildFile; fileRef = 6AFF5BF81D6E424B00AB3073 /* CDVLaunchScreen.storyboard */; };
		6D9794F66ADC42178EAE239C /* ReaderDocument.m in Sources */ = {isa = PBXBuildFile; fileRef = A0444284686C44BCACDB3810 /* ReaderDocument.m */; };
		6E552942CFF74C2886B55116 /* Reader-Export@2x.png in Resources */ = {isa = PBXBuildFile; fileRef = E6C9CFAA1F434ABABEC32C4B /* Reader-Export@2x.png */; };
		6E705E497F07409DB39EC2BE /* SDVReader-Outline.png in Resources */ = {isa = PBXBuildFile; fileRef = D54C2D7F242F46949DBC6C07 /* SDVReader-Outline.png */; };
		716F97E97A704110867D2CB7 /* Foundation.framework in Frameworks */ = {isa = PBXBuildFile; fileRef = 0ED9C3CDCBBA41FA92BB2114 /* Foundation.framework */; };
		76D0CFC285B04AF7806EB5C4 /* ReaderViewController.m in Sources */ = {isa = PBXBuildFile; fileRef = A4D489EBDB38440383D151F6 /* ReaderViewController.m */; };
		79B46550D7EB4C0D8EBA2E6F /* ReaderThumbsView.m in Sources */ = {isa = PBXBuildFile; fileRef = FF45035D28A341DEA5AFED63 /* ReaderThumbsView.m */; };
		7B603C2144164F44B2527F1D /* SDVReader-CoverPage.png in Resources */ = {isa = PBXBuildFile; fileRef = 65A2EAC04C744AC984F3605F /* SDVReader-CoverPage.png */; };
		7C4B0019767E48D484119C3F /* Reader-Button-N.png in Resources */ = {isa = PBXBuildFile; fileRef = B0BC1500E1304D579A649FAB /* Reader-Button-N.png */; };
		7FCA3DE982C94F008A8BAC1A /* ReaderMainToolbar+SDVReaderMainToolbarPassThrough.m in Sources */ = {isa = PBXBuildFile; fileRef = 995A550D7DBB4A7C935019A7 /* ReaderMainToolbar+SDVReaderMainToolbarPassThrough.m */; };
		88B283A10B4E49FF997CDCBD /* CDVSplashScreen.m in Sources */ = {isa = PBXBuildFile; fileRef = 29B7639E4EE54DF783310971 /* CDVSplashScreen.m */; };
		898F184FC3C84FD68FCBE918 /* SDVReaderMainPagebar.m in Sources */ = {isa = PBXBuildFile; fileRef = 3F3DC68D1DA24A36BCE2A51F /* SDVReaderMainPagebar.m */; };
		8DC41CF7E06E4875906215CE /* ReaderDocumentOutline.m in Sources */ = {isa = PBXBuildFile; fileRef = A67E7C5098DF42CBACEA7C95 /* ReaderDocumentOutline.m */; };
		93FEBC50FF6F4C0EAFF07A26 /* Reader-Mark-Y.png in Resources */ = {isa = PBXBuildFile; fileRef = 4890F2FCEDE84B7C8A46ED8D /* Reader-Mark-Y.png */; };
		9568EE6009F1467B8CE463CB /* CDVLocalFilesystem.m in Sources */ = {isa = PBXBuildFile; fileRef = D95632A836184C9F8A093711 /* CDVLocalFilesystem.m */; };
		961098AB75A24EBB8BD4A563 /* SitewaertsDocumentViewer.m in Sources */ = {isa = PBXBuildFile; fileRef = 4E7707F169F34DE89371DA03 /* SitewaertsDocumentViewer.m */; };
		98B9598A4D5544218840EB20 /* ThumbsMainToolbar+SDVThumbsMainToolbarPassThrough.m in Sources */ = {isa = PBXBuildFile; fileRef = C605DBC7F53342FD95EFCABF /* ThumbsMainToolbar+SDVThumbsMainToolbarPassThrough.m */; };
		A2C281C055594C4D81698D16 /* Reader-Thumbs.png in Resources */ = {isa = PBXBuildFile; fileRef = E8457D68FFEF4400AA422DE6 /* Reader-Thumbs.png */; };
		A30817E1D26447A7A041F893 /* CDVViewController+SplashScreen.m in Sources */ = {isa = PBXBuildFile; fileRef = DA9F30219ACC43F99405CBA6 /* CDVViewController+SplashScreen.m */; };
		A62D82C96EB34333BC06B43A /* Reader-Mark-N.png in Resources */ = {isa = PBXBuildFile; fileRef = F02C7D4385A245E78A155C90 /* Reader-Mark-N.png */; };
		AAD40639BFF44EF682FEFBAC /* ThumbsViewController+SDVThumbsViewControllerPassThrough.m in Sources */ = {isa = PBXBuildFile; fileRef = 5D50ECDBADA846E4AB18AF2C /* ThumbsViewController+SDVThumbsViewControllerPassThrough.m */; };
		AB6E9393E25D4562AFC015A1 /* Reader-Thumbs@2x.png in Resources */ = {isa = PBXBuildFile; fileRef = 6BBD953274754679A3A18161 /* Reader-Thumbs@2x.png */; };
		B284306CD0894FB1979BC393 /* ReaderViewController+SDVReaderViewControllerPassThrough.m in Sources */ = {isa = PBXBuildFile; fileRef = D906A202ECF949B6B37831F1 /* ReaderViewController+SDVReaderViewControllerPassThrough.m */; };
		B6012811B7E347A88CFDFDBA /* Default-568h@2x.png in Resources */ = {isa = PBXBuildFile; fileRef = C1B71682AF4542EA991844A2 /* Default-568h@2x.png */; };
		B821EE86E60C4D5DAC0C3B85 /* Reader-Email.png in Resources */ = {isa = PBXBuildFile; fileRef = A7AFC51F4787444A90601A66 /* Reader-Email.png */; };
		B878792F70FD4EFFAE051D61 /* ReaderContentTile.m in Sources */ = {isa = PBXBuildFile; fileRef = 39163E35EB464C099A1533CF /* ReaderContentTile.m */; };
		BE3FA65C49EA45A195530EFB /* Reader-Print.png in Resources */ = {isa = PBXBuildFile; fileRef = 8835813B7D444AB6839BCC8F /* Reader-Print.png */; };
		C3A6AA4E597D4DCCB613DEE8 /* CDVWKProcessPoolFactory.m in Sources */ = {isa = PBXBuildFile; fileRef = F8160449D98049F4857B874F /* CDVWKProcessPoolFactory.m */; };
		C72FED4F83514362890CD22B /* WebKit.framework in Frameworks */ = {isa = PBXBuildFile; fileRef = 1AEF9437487B47E7A1FC2CBE /* WebKit.framework */; settings = {ATTRIBUTES = (Weak, ); }; };
		C76B518F64A64BA8A4A6FB79 /* ReaderThumbRender.m in Sources */ = {isa = PBXBuildFile; fileRef = 4121531433EE4474B610BC47 /* ReaderThumbRender.m */; };
		C77F9F02F0E64F498364CAA3 /* ReaderContentPage.m in Sources */ = {isa = PBXBuildFile; fileRef = 81460D00364044D993F3F12D /* ReaderContentPage.m */; };
		C7BB6E9D39FF47B0B78A87C9 /* CDVAssetLibraryFilesystem.m in Sources */ = {isa = PBXBuildFile; fileRef = ECA2F9EF85A24F72A6E3C9C6 /* CDVAssetLibraryFilesystem.m */; };
		C9238279AE5C489F93E044DE /* Reader-Mark-Y@2x.png in Resources */ = {isa = PBXBuildFile; fileRef = C9884FD9BD2E47BBBD2BCBC1 /* Reader-Mark-Y@2x.png */; };
		CB49EBBE89D9409DA125E250 /* SDVReader-SinglePage.png in Resources */ = {isa = PBXBuildFile; fileRef = 30D352FD019643299CB4DCC6 /* SDVReader-SinglePage.png */; };
		CCA61D58DF76401198A4E7A6 /* Reader-Button-H.png in Resources */ = {isa = PBXBuildFile; fileRef = DFB049CF39D748A188A6C51F /* Reader-Button-H.png */; };
		CEC26503EEFF44BCB51EE2B4 /* SDVReader-Outline@2x.png in Resources */ = {isa = PBXBuildFile; fileRef = 2585983A260444F8BCD839A4 /* SDVReader-Outline@2x.png */; };
		CF1D2269AE504809AC8F1698 /* ThumbsViewController.m in Sources */ = {isa = PBXBuildFile; fileRef = 2DEB1C79562E4FB5828F9A86 /* ThumbsViewController.m */; };
		D01C15E8A326484D9B2CF4D9 /* Reader-Mark-N@2x.png in Resources */ = {isa = PBXBuildFile; fileRef = C4AFB7113C1D468FABD28FC0 /* Reader-Mark-N@2x.png */; };
		D08DDE02704D4570AB88EE08 /* CDVFileTransfer.m in Sources */ = {isa = PBXBuildFile; fileRef = A5A7A66A8EED44E98A8293CE /* CDVFileTransfer.m */; };
		D4A6643D22C34ED598BCEC5C /* ReaderThumbQueue.m in Sources */ = {isa = PBXBuildFile; fileRef = 53B869B6FFE649DCAE2C3BA4 /* ReaderThumbQueue.m */; };
		D9E812DF68774D7588D5BF3D /* SDVThumbsViewController.m in Sources */ = {isa = PBXBuildFile; fileRef = FA44DC1CDF944E52A8EF02B3 /* SDVThumbsViewController.m */; };
		DAE4336863CD45879C2037C6 /* MessageUI.framework in Frameworks */ = {isa = PBXBuildFile; fileRef = 5EBE485BFB954ABE9206523E /* MessageUI.framework */; };
		DFD9FCAD9EC14C668BA9C4FE /* CGPDFDocument.m in Sources */ = {isa = PBXBuildFile; fileRef = CF0D801861474136A032B64E /* CGPDFDocument.m */; };
		E00E7F35A0A34ACD83732A40 /* ReaderContentView.m in Sources */ = {isa = PBXBuildFile; fileRef = 158B70D3B9BF4392ACCD651F /* ReaderContentView.m */; };
		E3373D3BE43A4C02BA1F154A /* Reader-Export.png in Resources */ = {isa = PBXBuildFile; fileRef = 8D44E06701B84414A20F4F1A /* Reader-Export.png */; };
		F0B6A7B0EC0A4F24A6EFE352 /* SDVReaderMainToolbar.m in Sources */ = {isa = PBXBuildFile; fileRef = 36516A5A3C4D43E9B84F5B0D /* SDVReaderMainToolbar.m */; };
		F535E7E4206D4D7FBFD86535 /* Reader-Button-H@2x.png in Resources */ = {isa = PBXBuildFile; fileRef = 7A95CE93FBBD46E18168D9CB /* Reader-Button-H@2x.png */; };
		F5B21F3EBC2C4D14AD3C3A3A /* CDVWKWebViewEngine.m in Sources */ = {isa = PBXBuildFile; fileRef = 5B05A7A3FA864E2AA13EECD6 /* CDVWKWebViewEngine.m */; };
/* End PBXBuildFile section */

/* Begin PBXContainerItemProxy section */
		301BF534109A57CC0062928A /* PBXContainerItemProxy */ = {
			isa = PBXContainerItemProxy;
			containerPortal = 301BF52D109A57CC0062928A /* CordovaLib.xcodeproj */;
			proxyType = 2;
			remoteGlobalIDString = D2AAC07E0554694100DB518D;
			remoteInfo = CordovaLib;
		};
		301BF550109A68C00062928A /* PBXContainerItemProxy */ = {
			isa = PBXContainerItemProxy;
			containerPortal = 301BF52D109A57CC0062928A /* CordovaLib.xcodeproj */;
			proxyType = 1;
			remoteGlobalIDString = D2AAC07D0554694100DB518D;
			remoteInfo = CordovaLib;
		};
		907D8123214C687600058A10 /* PBXContainerItemProxy */ = {
			isa = PBXContainerItemProxy;
			containerPortal = 301BF52D109A57CC0062928A /* CordovaLib.xcodeproj */;
			proxyType = 2;
			remoteGlobalIDString = C0C01EB21E3911D50056E6CB;
			remoteInfo = Cordova;
		};
/* End PBXContainerItemProxy section */

/* Begin PBXFileReference section */
		01000D3E77C04CFB871EF850 /* ImageIO.framework */ = {isa = PBXFileReference; explicitFileType = undefined; fileEncoding = 9; includeInIndex = 0; lastKnownFileType = wrapper.framework; name = ImageIO.framework; path = System/Library/Frameworks/ImageIO.framework; sourceTree = SDKROOT; };
		0207DA571B56EA530066E2B4 /* Images.xcassets */ = {isa = PBXFileReference; lastKnownFileType = folder.assetcatalog; name = Images.xcassets; path = "Laporan Perekonomian Indonesia/Images.xcassets"; sourceTree = SOURCE_ROOT; };
		065FC3C4D51241F18EF6121C /* ReaderThumbCache.m */ = {isa = PBXFileReference; explicitFileType = undefined; fileEncoding = 4; includeInIndex = 0; lastKnownFileType = sourcecode.c.objc; name = ReaderThumbCache.m; path = "cordova-plugin-document-viewer/ReaderThumbCache.m"; sourceTree = "<group>"; };
		0A7E0DF422804446A93AE4AC /* SDVReader-DoublePage.png */ = {isa = PBXFileReference; explicitFileType = undefined; fileEncoding = 9; includeInIndex = 0; lastKnownFileType = unknown; path = "SDVReader-DoublePage.png"; sourceTree = "<group>"; };
		0BFF9A07ED354480985BCD7F /* SDVReaderViewController.h */ = {isa = PBXFileReference; explicitFileType = undefined; fileEncoding = 4; includeInIndex = 0; lastKnownFileType = sourcecode.c.h; name = SDVReaderViewController.h; path = "cordova-plugin-document-viewer/SDVReaderViewController.h"; sourceTree = "<group>"; };
		0D45242A8A984E82B3274959 /* ReaderDocument.h */ = {isa = PBXFileReference; explicitFileType = undefined; fileEncoding = 4; includeInIndex = 0; lastKnownFileType = sourcecode.c.h; name = ReaderDocument.h; path = "cordova-plugin-document-viewer/ReaderDocument.h"; sourceTree = "<group>"; };
		0ED9C3CDCBBA41FA92BB2114 /* Foundation.framework */ = {isa = PBXFileReference; explicitFileType = undefined; fileEncoding = 9; includeInIndex = 0; lastKnownFileType = wrapper.framework; name = Foundation.framework; path = System/Library/Frameworks/Foundation.framework; sourceTree = SDKROOT; };
		1008D702F7BC475FAFA8DBD8 /* ReaderThumbFetch.h */ = {isa = PBXFileReference; explicitFileType = undefined; fileEncoding = 4; includeInIndex = 0; lastKnownFileType = sourcecode.c.h; name = ReaderThumbFetch.h; path = "cordova-plugin-document-viewer/ReaderThumbFetch.h"; sourceTree = "<group>"; };
		158B70D3B9BF4392ACCD651F /* ReaderContentView.m */ = {isa = PBXFileReference; explicitFileType = undefined; fileEncoding = 4; includeInIndex = 0; lastKnownFileType = sourcecode.c.objc; name = ReaderContentView.m; path = "cordova-plugin-document-viewer/ReaderContentView.m"; sourceTree = "<group>"; };
		1AEF9437487B47E7A1FC2CBE /* WebKit.framework */ = {isa = PBXFileReference; explicitFileType = undefined; fileEncoding = 9; includeInIndex = 0; lastKnownFileType = wrapper.framework; name = WebKit.framework; path = System/Library/Frameworks/WebKit.framework; sourceTree = SDKROOT; };
		1D3623240D0F684500981E51 /* AppDelegate.h */ = {isa = PBXFileReference; fileEncoding = 4; lastKnownFileType = sourcecode.c.h; path = AppDelegate.h; sourceTree = "<group>"; };
		1D3623250D0F684500981E51 /* AppDelegate.m */ = {isa = PBXFileReference; fileEncoding = 4; lastKnownFileType = sourcecode.c.objc; path = AppDelegate.m; sourceTree = "<group>"; };
		1D6058910D05DD3D006BFB54 /* Laporan Perekonomian Indonesia.app */ = {isa = PBXFileReference; explicitFileType = wrapper.application; includeInIndex = 0; path = "Laporan Perekonomian Indonesia.app"; sourceTree = BUILT_PRODUCTS_DIR; };
		22C4D0EAB14A4970AC6C8207 /* ReaderViewController+SDVReaderViewControllerPassThrough.h */ = {isa = PBXFileReference; explicitFileType = undefined; fileEncoding = 4; includeInIndex = 0; lastKnownFileType = sourcecode.c.h; name = "ReaderViewController+SDVReaderViewControllerPassThrough.h"; path = "cordova-plugin-document-viewer/ReaderViewController+SDVReaderViewControllerPassThrough.h"; sourceTree = "<group>"; };
		2346D05004B04EE5A5324C48 /* SDVReader-DoublePage@2x.png */ = {isa = PBXFileReference; explicitFileType = undefined; fileEncoding = 9; includeInIndex = 0; lastKnownFileType = unknown; path = "SDVReader-DoublePage@2x.png"; sourceTree = "<group>"; };
		2585983A260444F8BCD839A4 /* SDVReader-Outline@2x.png */ = {isa = PBXFileReference; explicitFileType = undefined; fileEncoding = 9; includeInIndex = 0; lastKnownFileType = unknown; path = "SDVReader-Outline@2x.png"; sourceTree = "<group>"; };
		272CA9BBAA7544309CCFCCEA /* ReaderThumbCache.h */ = {isa = PBXFileReference; explicitFileType = undefined; fileEncoding = 4; includeInIndex = 0; lastKnownFileType = sourcecode.c.h; name = ReaderThumbCache.h; path = "cordova-plugin-document-viewer/ReaderThumbCache.h"; sourceTree = "<group>"; };
		29B7639E4EE54DF783310971 /* CDVSplashScreen.m */ = {isa = PBXFileReference; explicitFileType = undefined; fileEncoding = 4; includeInIndex = 0; lastKnownFileType = sourcecode.c.objc; name = CDVSplashScreen.m; path = "cordova-plugin-splashscreen/CDVSplashScreen.m"; sourceTree = "<group>"; };
		29B97316FDCFA39411CA2CEA /* main.m */ = {isa = PBXFileReference; fileEncoding = 4; lastKnownFileType = sourcecode.c.objc; path = main.m; sourceTree = "<group>"; };
		2D100C19587C4DA1AA4C1766 /* Reader-Email@2x.png */ = {isa = PBXFileReference; explicitFileType = undefined; fileEncoding = 9; includeInIndex = 0; lastKnownFileType = unknown; path = "Reader-Email@2x.png"; sourceTree = "<group>"; };
		2D8E8AFE1F84471A8C8592EC /* CDVWKWebViewEngine+FileXhrFix.m */ = {isa = PBXFileReference; explicitFileType = undefined; fileEncoding = 4; includeInIndex = 0; lastKnownFileType = sourcecode.c.objc; name = "CDVWKWebViewEngine+FileXhrFix.m"; path = "cordova-plugin-wkwebviewxhrfix/CDVWKWebViewEngine+FileXhrFix.m"; sourceTree = "<group>"; };
		2DEB1C79562E4FB5828F9A86 /* ThumbsViewController.m */ = {isa = PBXFileReference; explicitFileType = undefined; fileEncoding = 4; includeInIndex = 0; lastKnownFileType = sourcecode.c.objc; name = ThumbsViewController.m; path = "cordova-plugin-document-viewer/ThumbsViewController.m"; sourceTree = "<group>"; };
		2E63EAA0DE0540A29331D0D9 /* CDVStatusBar.m */ = {isa = PBXFileReference; explicitFileType = undefined; fileEncoding = 4; includeInIndex = 0; lastKnownFileType = sourcecode.c.objc; name = CDVStatusBar.m; path = "cordova-plugin-statusbar/CDVStatusBar.m"; sourceTree = "<group>"; };
		2FCE144AF2A64B87AE5A4B56 /* CDVViewController+SplashScreen.h */ = {isa = PBXFileReference; explicitFileType = undefined; fileEncoding = 4; includeInIndex = 0; lastKnownFileType = sourcecode.c.h; name = "CDVViewController+SplashScreen.h"; path = "cordova-plugin-splashscreen/CDVViewController+SplashScreen.h"; sourceTree = "<group>"; };
		301BF52D109A57CC0062928A /* CordovaLib.xcodeproj */ = {isa = PBXFileReference; lastKnownFileType = "wrapper.pb-project"; name = CordovaLib.xcodeproj; path = CordovaLib/CordovaLib.xcodeproj; sourceTree = "<group>"; };
		301BF56E109A69640062928A /* www */ = {isa = PBXFileReference; lastKnownFileType = folder; path = www; sourceTree = SOURCE_ROOT; };
		302D95EE14D2391D003F00A1 /* MainViewController.h */ = {isa = PBXFileReference; fileEncoding = 4; lastKnownFileType = sourcecode.c.h; path = MainViewController.h; sourceTree = "<group>"; };
		302D95EF14D2391D003F00A1 /* MainViewController.m */ = {isa = PBXFileReference; fileEncoding = 4; lastKnownFileType = sourcecode.c.objc; path = MainViewController.m; sourceTree = "<group>"; };
		302D95F014D2391D003F00A1 /* MainViewController.xib */ = {isa = PBXFileReference; fileEncoding = 4; lastKnownFileType = file.xib; path = MainViewController.xib; sourceTree = "<group>"; };
		3047A50F1AB8059700498E2A /* build-debug.xcconfig */ = {isa = PBXFileReference; fileEncoding = 4; lastKnownFileType = text.xcconfig; name = "build-debug.xcconfig"; path = "cordova/build-debug.xcconfig"; sourceTree = SOURCE_ROOT; };
		3047A5101AB8059700498E2A /* build-release.xcconfig */ = {isa = PBXFileReference; fileEncoding = 4; lastKnownFileType = text.xcconfig; name = "build-release.xcconfig"; path = "cordova/build-release.xcconfig"; sourceTree = SOURCE_ROOT; };
		3047A5111AB8059700498E2A /* build.xcconfig */ = {isa = PBXFileReference; fileEncoding = 4; lastKnownFileType = text.xcconfig; name = build.xcconfig; path = cordova/build.xcconfig; sourceTree = SOURCE_ROOT; };
		30A74C65216A4395AEF6FCE9 /* SDVReader-SinglePage@2x.png */ = {isa = PBXFileReference; explicitFileType = undefined; fileEncoding = 9; includeInIndex = 0; lastKnownFileType = unknown; path = "SDVReader-SinglePage@2x.png"; sourceTree = "<group>"; };
		30D352FD019643299CB4DCC6 /* SDVReader-SinglePage.png */ = {isa = PBXFileReference; explicitFileType = undefined; fileEncoding = 9; includeInIndex = 0; lastKnownFileType = unknown; path = "SDVReader-SinglePage.png"; sourceTree = "<group>"; };
		315DE3E6D9A646DB9AE75D41 /* CDVStatusBar.h */ = {isa = PBXFileReference; explicitFileType = undefined; fileEncoding = 4; includeInIndex = 0; lastKnownFileType = sourcecode.c.h; name = CDVStatusBar.h; path = "cordova-plugin-statusbar/CDVStatusBar.h"; sourceTree = "<group>"; };
		3197C6CA14684807B0CDEF28 /* CDVFile.m */ = {isa = PBXFileReference; explicitFileType = undefined; fileEncoding = 4; includeInIndex = 0; lastKnownFileType = sourcecode.c.objc; name = CDVFile.m; path = "cordova-plugin-file/CDVFile.m"; sourceTree = "<group>"; };
		32CA4F630368D1EE00C91783 /* Laporan Perekonomian Indonesia-Prefix.pch */ = {isa = PBXFileReference; fileEncoding = 4; lastKnownFileType = sourcecode.c.h; path = "Laporan Perekonomian Indonesia-Prefix.pch"; sourceTree = "<group>"; };
		36516A5A3C4D43E9B84F5B0D /* SDVReaderMainToolbar.m */ = {isa = PBXFileReference; explicitFileType = undefined; fileEncoding = 4; includeInIndex = 0; lastKnownFileType = sourcecode.c.objc; name = SDVReaderMainToolbar.m; path = "cordova-plugin-document-viewer/SDVReaderMainToolbar.m"; sourceTree = "<group>"; };
		36CBE0557CBA4551B11A4A77 /* CDVWKWebViewEngine+FileXhrFix.h */ = {isa = PBXFileReference; explicitFileType = undefined; fileEncoding = 4; includeInIndex = 0; lastKnownFileType = sourcecode.c.h; name = "CDVWKWebViewEngine+FileXhrFix.h"; path = "cordova-plugin-wkwebviewxhrfix/CDVWKWebViewEngine+FileXhrFix.h"; sourceTree = "<group>"; };
		39163E35EB464C099A1533CF /* ReaderContentTile.m */ = {isa = PBXFileReference; explicitFileType = undefined; fileEncoding = 4; includeInIndex = 0; lastKnownFileType = sourcecode.c.objc; name = ReaderContentTile.m; path = "cordova-plugin-document-viewer/ReaderContentTile.m"; sourceTree = "<group>"; };
		397B0AB1F4E44217A9227B31 /* ReaderMainPagebar.h */ = {isa = PBXFileReference; explicitFileType = undefined; fileEncoding = 4; includeInIndex = 0; lastKnownFileType = sourcecode.c.h; name = ReaderMainPagebar.h; path = "cordova-plugin-document-viewer/ReaderMainPagebar.h"; sourceTree = "<group>"; };
		39AAB365C1584741AC6CEEE1 /* UIXToolbarView.m */ = {isa = PBXFileReference; explicitFileType = undefined; fileEncoding = 4; includeInIndex = 0; lastKnownFileType = sourcecode.c.objc; name = UIXToolbarView.m; path = "cordova-plugin-document-viewer/UIXToolbarView.m"; sourceTree = "<group>"; };
		39E6B44663E24400B7ACA9FE /* CDVWKWebViewEngine.h */ = {isa = PBXFileReference; explicitFileType = undefined; fileEncoding = 4; includeInIndex = 0; lastKnownFileType = sourcecode.c.h; name = CDVWKWebViewEngine.h; path = "cordova-plugin-wkwebview-engine/CDVWKWebViewEngine.h"; sourceTree = "<group>"; };
		3D0EE2929E604A33B343E070 /* SDVReaderMainToolbar.h */ = {isa = PBXFileReference; explicitFileType = undefined; fileEncoding = 4; includeInIndex = 0; lastKnownFileType = sourcecode.c.h; name = SDVReaderMainToolbar.h; path = "cordova-plugin-document-viewer/SDVReaderMainToolbar.h"; sourceTree = "<group>"; };
		3F3DC68D1DA24A36BCE2A51F /* SDVReaderMainPagebar.m */ = {isa = PBXFileReference; explicitFileType = undefined; fileEncoding = 4; includeInIndex = 0; lastKnownFileType = sourcecode.c.objc; name = SDVReaderMainPagebar.m; path = "cordova-plugin-document-viewer/SDVReaderMainPagebar.m"; sourceTree = "<group>"; };
		3F9B0B70069E4135906D6457 /* UIXToolbarView.h */ = {isa = PBXFileReference; explicitFileType = undefined; fileEncoding = 4; includeInIndex = 0; lastKnownFileType = sourcecode.c.h; name = UIXToolbarView.h; path = "cordova-plugin-document-viewer/UIXToolbarView.h"; sourceTree = "<group>"; };
		4121531433EE4474B610BC47 /* ReaderThumbRender.m */ = {isa = PBXFileReference; explicitFileType = undefined; fileEncoding = 4; includeInIndex = 0; lastKnownFileType = sourcecode.c.objc; name = ReaderThumbRender.m; path = "cordova-plugin-document-viewer/ReaderThumbRender.m"; sourceTree = "<group>"; };
		486CA62866AF425A9E632D20 /* CDVDevice.h */ = {isa = PBXFileReference; explicitFileType = undefined; fileEncoding = 4; includeInIndex = 0; lastKnownFileType = sourcecode.c.h; name = CDVDevice.h; path = "cordova-plugin-device/CDVDevice.h"; sourceTree = "<group>"; };
		4890F2FCEDE84B7C8A46ED8D /* Reader-Mark-Y.png */ = {isa = PBXFileReference; explicitFileType = undefined; fileEncoding = 9; includeInIndex = 0; lastKnownFileType = unknown; path = "Reader-Mark-Y.png"; sourceTree = "<group>"; };
		48C78D93F25C4E4A82882441 /* SDVReaderMainPagebar.h */ = {isa = PBXFileReference; explicitFileType = undefined; fileEncoding = 4; includeInIndex = 0; lastKnownFileType = sourcecode.c.h; name = SDVReaderMainPagebar.h; path = "cordova-plugin-document-viewer/SDVReaderMainPagebar.h"; sourceTree = "<group>"; };
		4A1CB176CE6740419A863DD4 /* ReaderMainPagebar.m */ = {isa = PBXFileReference; explicitFileType = undefined; fileEncoding = 4; includeInIndex = 0; lastKnownFileType = sourcecode.c.objc; name = ReaderMainPagebar.m; path = "cordova-plugin-document-viewer/ReaderMainPagebar.m"; sourceTree = "<group>"; };
		4AB455C15BD34D0EBE3E2163 /* ReaderViewController.h */ = {isa = PBXFileReference; explicitFileType = undefined; fileEncoding = 4; includeInIndex = 0; lastKnownFileType = sourcecode.c.h; name = ReaderViewController.h; path = "cordova-plugin-document-viewer/ReaderViewController.h"; sourceTree = "<group>"; };
		4CD3D48804BB4144A763630D /* QuartzCore.framework */ = {isa = PBXFileReference; explicitFileType = undefined; fileEncoding = 9; includeInIndex = 0; lastKnownFileType = wrapper.framework; name = QuartzCore.framework; path = System/Library/Frameworks/QuartzCore.framework; sourceTree = SDKROOT; };
		4E718DD1B21C4F3AA18A74ED /* CDVFile.h */ = {isa = PBXFileReference; explicitFileType = undefined; fileEncoding = 4; includeInIndex = 0; lastKnownFileType = sourcecode.c.h; name = CDVFile.h; path = "cordova-plugin-file/CDVFile.h"; sourceTree = "<group>"; };
		4E7707F169F34DE89371DA03 /* SitewaertsDocumentViewer.m */ = {isa = PBXFileReference; explicitFileType = undefined; fileEncoding = 4; includeInIndex = 0; lastKnownFileType = sourcecode.c.objc; name = SitewaertsDocumentViewer.m; path = "cordova-plugin-document-viewer/SitewaertsDocumentViewer.m"; sourceTree = "<group>"; };
		53B869B6FFE649DCAE2C3BA4 /* ReaderThumbQueue.m */ = {isa = PBXFileReference; explicitFileType = undefined; fileEncoding = 4; includeInIndex = 0; lastKnownFileType = sourcecode.c.objc; name = ReaderThumbQueue.m; path = "cordova-plugin-document-viewer/ReaderThumbQueue.m"; sourceTree = "<group>"; };
		552FFD468A964B59AF24147C /* ReaderThumbRequest.h */ = {isa = PBXFileReference; explicitFileType = undefined; fileEncoding = 4; includeInIndex = 0; lastKnownFileType = sourcecode.c.h; name = ReaderThumbRequest.h; path = "cordova-plugin-document-viewer/ReaderThumbRequest.h"; sourceTree = "<group>"; };
		56034884A071415A84320C51 /* CDVFileTransfer.h */ = {isa = PBXFileReference; explicitFileType = undefined; fileEncoding = 4; includeInIndex = 0; lastKnownFileType = sourcecode.c.h; name = CDVFileTransfer.h; path = "cordova-plugin-file-transfer/CDVFileTransfer.h"; sourceTree = "<group>"; };
		5640A266307A4908A67F27DD /* ReaderContentTile.h */ = {isa = PBXFileReference; explicitFileType = undefined; fileEncoding = 4; includeInIndex = 0; lastKnownFileType = sourcecode.c.h; name = ReaderContentTile.h; path = "cordova-plugin-document-viewer/ReaderContentTile.h"; sourceTree = "<group>"; };
		5A4C31430EB54B3B8BC7AA48 /* SitewaertsDocumentViewer.h */ = {isa = PBXFileReference; explicitFileType = undefined; fileEncoding = 4; includeInIndex = 0; lastKnownFileType = sourcecode.c.h; name = SitewaertsDocumentViewer.h; path = "cordova-plugin-document-viewer/SitewaertsDocumentViewer.h"; sourceTree = "<group>"; };
		5B05A7A3FA864E2AA13EECD6 /* CDVWKWebViewEngine.m */ = {isa = PBXFileReference; explicitFileType = undefined; fileEncoding = 4; includeInIndex = 0; lastKnownFileType = sourcecode.c.objc; name = CDVWKWebViewEngine.m; path = "cordova-plugin-wkwebview-engine/CDVWKWebViewEngine.m"; sourceTree = "<group>"; };
		5C3FA9122D9349D3AD1546F3 /* ThumbsViewController.h */ = {isa = PBXFileReference; explicitFileType = undefined; fileEncoding = 4; includeInIndex = 0; lastKnownFileType = sourcecode.c.h; name = ThumbsViewController.h; path = "cordova-plugin-document-viewer/ThumbsViewController.h"; sourceTree = "<group>"; };
		5D50ECDBADA846E4AB18AF2C /* ThumbsViewController+SDVThumbsViewControllerPassThrough.m */ = {isa = PBXFileReference; explicitFileType = undefined; fileEncoding = 4; includeInIndex = 0; lastKnownFileType = sourcecode.c.objc; name = "ThumbsViewController+SDVThumbsViewControllerPassThrough.m"; path = "cordova-plugin-document-viewer/ThumbsViewController+SDVThumbsViewControllerPassThrough.m"; sourceTree = "<group>"; };
		5E670EFF721D4730B318E939 /* SDVReader-CoverPage@2x.png */ = {isa = PBXFileReference; explicitFileType = undefined; fileEncoding = 9; includeInIndex = 0; lastKnownFileType = unknown; path = "SDVReader-CoverPage@2x.png"; sourceTree = "<group>"; };
		5EBE485BFB954ABE9206523E /* MessageUI.framework */ = {isa = PBXFileReference; explicitFileType = undefined; fileEncoding = 9; includeInIndex = 0; lastKnownFileType = wrapper.framework; name = MessageUI.framework; path = System/Library/Frameworks/MessageUI.framework; sourceTree = SDKROOT; };
		62930B2428FD419DBFFF4889 /* ReaderDocumentOutline.h */ = {isa = PBXFileReference; explicitFileType = undefined; fileEncoding = 4; includeInIndex = 0; lastKnownFileType = sourcecode.c.h; name = ReaderDocumentOutline.h; path = "cordova-plugin-document-viewer/ReaderDocumentOutline.h"; sourceTree = "<group>"; };
		62B70FD719A34EECAA17A4B7 /* ThumbsViewController+SDVThumbsViewControllerPassThrough.h */ = {isa = PBXFileReference; explicitFileType = undefined; fileEncoding = 4; includeInIndex = 0; lastKnownFileType = sourcecode.c.h; name = "ThumbsViewController+SDVThumbsViewControllerPassThrough.h"; path = "cordova-plugin-document-viewer/ThumbsViewController+SDVThumbsViewControllerPassThrough.h"; sourceTree = "<group>"; };
		630D4C05AF3C440BA8134412 /* ReaderThumbRequest.m */ = {isa = PBXFileReference; explicitFileType = undefined; fileEncoding = 4; includeInIndex = 0; lastKnownFileType = sourcecode.c.objc; name = ReaderThumbRequest.m; path = "cordova-plugin-document-viewer/ReaderThumbRequest.m"; sourceTree = "<group>"; };
		6351317BF57E45A9A39149E4 /* ReaderThumbsView.h */ = {isa = PBXFileReference; explicitFileType = undefined; fileEncoding = 4; includeInIndex = 0; lastKnownFileType = sourcecode.c.h; name = ReaderThumbsView.h; path = "cordova-plugin-document-viewer/ReaderThumbsView.h"; sourceTree = "<group>"; };
		65A2EAC04C744AC984F3605F /* SDVReader-CoverPage.png */ = {isa = PBXFileReference; explicitFileType = undefined; fileEncoding = 9; includeInIndex = 0; lastKnownFileType = unknown; path = "SDVReader-CoverPage.png"; sourceTree = "<group>"; };
		66E0B2D3DD6C44AC840A936F /* SDVThumbsViewController.h */ = {isa = PBXFileReference; explicitFileType = undefined; fileEncoding = 4; includeInIndex = 0; lastKnownFileType = sourcecode.c.h; name = SDVThumbsViewController.h; path = "cordova-plugin-document-viewer/SDVThumbsViewController.h"; sourceTree = "<group>"; };
		6AFF5BF81D6E424B00AB3073 /* CDVLaunchScreen.storyboard */ = {isa = PBXFileReference; fileEncoding = 4; lastKnownFileType = file.storyboard; name = CDVLaunchScreen.storyboard; path = "Laporan Perekonomian Indonesia/CDVLaunchScreen.storyboard"; sourceTree = SOURCE_ROOT; };
		6BBD953274754679A3A18161 /* Reader-Thumbs@2x.png */ = {isa = PBXFileReference; explicitFileType = undefined; fileEncoding = 9; includeInIndex = 0; lastKnownFileType = unknown; path = "Reader-Thumbs@2x.png"; sourceTree = "<group>"; };
		6EBF38CBE8904F4F81B30F85 /* Reader-Button-N@2x.png */ = {isa = PBXFileReference; explicitFileType = undefined; fileEncoding = 9; includeInIndex = 0; lastKnownFileType = unknown; path = "Reader-Button-N@2x.png"; sourceTree = "<group>"; };
		72FCB36EB91D417295A62FEC /* ReaderThumbQueue.h */ = {isa = PBXFileReference; explicitFileType = undefined; fileEncoding = 4; includeInIndex = 0; lastKnownFileType = sourcecode.c.h; name = ReaderThumbQueue.h; path = "cordova-plugin-document-viewer/ReaderThumbQueue.h"; sourceTree = "<group>"; };
		7605D550DF534602A1C6152D /* CDVWKWebViewUIDelegate.h */ = {isa = PBXFileReference; explicitFileType = undefined; fileEncoding = 4; includeInIndex = 0; lastKnownFileType = sourcecode.c.h; name = CDVWKWebViewUIDelegate.h; path = "cordova-plugin-wkwebview-engine/CDVWKWebViewUIDelegate.h"; sourceTree = "<group>"; };
		7893F16A6A6B40F68DBC0198 /* CDVAssetLibraryFilesystem.h */ = {isa = PBXFileReference; explicitFileType = undefined; fileEncoding = 4; includeInIndex = 0; lastKnownFileType = sourcecode.c.h; name = CDVAssetLibraryFilesystem.h; path = "cordova-plugin-file/CDVAssetLibraryFilesystem.h"; sourceTree = "<group>"; };
		793BBC56373746FE8D7B7D0E /* ReaderContentPage.h */ = {isa = PBXFileReference; explicitFileType = undefined; fileEncoding = 4; includeInIndex = 0; lastKnownFileType = sourcecode.c.h; name = ReaderContentPage.h; path = "cordova-plugin-document-viewer/ReaderContentPage.h"; sourceTree = "<group>"; };
		7A95CE93FBBD46E18168D9CB /* Reader-Button-H@2x.png */ = {isa = PBXFileReference; explicitFileType = undefined; fileEncoding = 9; includeInIndex = 0; lastKnownFileType = unknown; path = "Reader-Button-H@2x.png"; sourceTree = "<group>"; };
		7C5DE906B805461F8C7DDD82 /* CDVSplashScreen.h */ = {isa = PBXFileReference; explicitFileType = undefined; fileEncoding = 4; includeInIndex = 0; lastKnownFileType = sourcecode.c.h; name = CDVSplashScreen.h; path = "cordova-plugin-splashscreen/CDVSplashScreen.h"; sourceTree = "<group>"; };
		81460D00364044D993F3F12D /* ReaderContentPage.m */ = {isa = PBXFileReference; explicitFileType = undefined; fileEncoding = 4; includeInIndex = 0; lastKnownFileType = sourcecode.c.objc; name = ReaderContentPage.m; path = "cordova-plugin-document-viewer/ReaderContentPage.m"; sourceTree = "<group>"; };
		847A7DF54C4646B384B6AEFC /* CDVWKProcessPoolFactory.h */ = {isa = PBXFileReference; explicitFileType = undefined; fileEncoding = 4; includeInIndex = 0; lastKnownFileType = sourcecode.c.h; name = CDVWKProcessPoolFactory.h; path = "cordova-plugin-wkwebview-engine/CDVWKProcessPoolFactory.h"; sourceTree = "<group>"; };
		8565A668EB5D4E14B6F71FE1 /* CDVLocalFilesystem.h */ = {isa = PBXFileReference; explicitFileType = undefined; fileEncoding = 4; includeInIndex = 0; lastKnownFileType = sourcecode.c.h; name = CDVLocalFilesystem.h; path = "cordova-plugin-file/CDVLocalFilesystem.h"; sourceTree = "<group>"; };
		8835813B7D444AB6839BCC8F /* Reader-Print.png */ = {isa = PBXFileReference; explicitFileType = undefined; fileEncoding = 9; includeInIndex = 0; lastKnownFileType = unknown; path = "Reader-Print.png"; sourceTree = "<group>"; };
		8D1107310486CEB800E47090 /* Laporan Perekonomian Indonesia-Info.plist */ = {isa = PBXFileReference; fileEncoding = 4; lastKnownFileType = text.plist.xml; name = "Laporan Perekonomian Indonesia-Info.plist"; path = "Laporan Perekonomian Indonesia/Laporan Perekonomian Indonesia-Info.plist"; plistStructureDefinitionIdentifier = "com.apple.xcode.plist.structure-definition.iphone.info-plist"; sourceTree = SOURCE_ROOT; };
		8D44E06701B84414A20F4F1A /* Reader-Export.png */ = {isa = PBXFileReference; explicitFileType = undefined; fileEncoding = 9; includeInIndex = 0; lastKnownFileType = unknown; path = "Reader-Export.png"; sourceTree = "<group>"; };
		8DEE48D0402A4C54B54D5F55 /* CGPDFDocument.h */ = {isa = PBXFileReference; explicitFileType = undefined; fileEncoding = 4; includeInIndex = 0; lastKnownFileType = sourcecode.c.h; name = CGPDFDocument.h; path = "cordova-plugin-document-viewer/CGPDFDocument.h"; sourceTree = "<group>"; };
		995A550D7DBB4A7C935019A7 /* ReaderMainToolbar+SDVReaderMainToolbarPassThrough.m */ = {isa = PBXFileReference; explicitFileType = undefined; fileEncoding = 4; includeInIndex = 0; lastKnownFileType = sourcecode.c.objc; name = "ReaderMainToolbar+SDVReaderMainToolbarPassThrough.m"; path = "cordova-plugin-document-viewer/ReaderMainToolbar+SDVReaderMainToolbarPassThrough.m"; sourceTree = "<group>"; };
		A0444284686C44BCACDB3810 /* ReaderDocument.m */ = {isa = PBXFileReference; explicitFileType = undefined; fileEncoding = 4; includeInIndex = 0; lastKnownFileType = sourcecode.c.objc; name = ReaderDocument.m; path = "cordova-plugin-document-viewer/ReaderDocument.m"; sourceTree = "<group>"; };
		A453FAB35CCD49DFBA512307 /* ReaderThumbRender.h */ = {isa = PBXFileReference; explicitFileType = undefined; fileEncoding = 4; includeInIndex = 0; lastKnownFileType = sourcecode.c.h; name = ReaderThumbRender.h; path = "cordova-plugin-document-viewer/ReaderThumbRender.h"; sourceTree = "<group>"; };
		A4D489EBDB38440383D151F6 /* ReaderViewController.m */ = {isa = PBXFileReference; explicitFileType = undefined; fileEncoding = 4; includeInIndex = 0; lastKnownFileType = sourcecode.c.objc; name = ReaderViewController.m; path = "cordova-plugin-document-viewer/ReaderViewController.m"; sourceTree = "<group>"; };
		A5A7A66A8EED44E98A8293CE /* CDVFileTransfer.m */ = {isa = PBXFileReference; explicitFileType = undefined; fileEncoding = 4; includeInIndex = 0; lastKnownFileType = sourcecode.c.objc; name = CDVFileTransfer.m; path = "cordova-plugin-file-transfer/CDVFileTransfer.m"; sourceTree = "<group>"; };
		A67E7C5098DF42CBACEA7C95 /* ReaderDocumentOutline.m */ = {isa = PBXFileReference; explicitFileType = undefined; fileEncoding = 4; includeInIndex = 0; lastKnownFileType = sourcecode.c.objc; name = ReaderDocumentOutline.m; path = "cordova-plugin-document-viewer/ReaderDocumentOutline.m"; sourceTree = "<group>"; };
		A7AFC51F4787444A90601A66 /* Reader-Email.png */ = {isa = PBXFileReference; explicitFileType = undefined; fileEncoding = 9; includeInIndex = 0; lastKnownFileType = unknown; path = "Reader-Email.png"; sourceTree = "<group>"; };
		A7E096C61602483B9C889BBE /* ReaderConstants.h */ = {isa = PBXFileReference; explicitFileType = undefined; fileEncoding = 4; includeInIndex = 0; lastKnownFileType = sourcecode.c.h; name = ReaderConstants.h; path = "cordova-plugin-document-viewer/ReaderConstants.h"; sourceTree = "<group>"; };
		ABEB9A77A3BC4C888C6CA665 /* UIKit.framework */ = {isa = PBXFileReference; explicitFileType = undefined; fileEncoding = 9; includeInIndex = 0; lastKnownFileType = wrapper.framework; name = UIKit.framework; path = System/Library/Frameworks/UIKit.framework; sourceTree = SDKROOT; };
		AC286ACD3B6546DCB5DD74BD /* ReaderConstants.m */ = {isa = PBXFileReference; explicitFileType = undefined; fileEncoding = 4; includeInIndex = 0; lastKnownFileType = sourcecode.c.objc; name = ReaderConstants.m; path = "cordova-plugin-document-viewer/ReaderConstants.m"; sourceTree = "<group>"; };
		AD6A7F96187A414B95354DE9 /* SDVReaderContentViewDoublePage.m */ = {isa = PBXFileReference; explicitFileType = undefined; fileEncoding = 4; includeInIndex = 0; lastKnownFileType = sourcecode.c.objc; name = SDVReaderContentViewDoublePage.m; path = "cordova-plugin-document-viewer/SDVReaderContentViewDoublePage.m"; sourceTree = "<group>"; };
		B0BC1500E1304D579A649FAB /* Reader-Button-N.png */ = {isa = PBXFileReference; explicitFileType = undefined; fileEncoding = 9; includeInIndex = 0; lastKnownFileType = unknown; path = "Reader-Button-N.png"; sourceTree = "<group>"; };
		B67DBF230D58430BB31F99E0 /* ThumbsMainToolbar.m */ = {isa = PBXFileReference; explicitFileType = undefined; fileEncoding = 4; includeInIndex = 0; lastKnownFileType = sourcecode.c.objc; name = ThumbsMainToolbar.m; path = "cordova-plugin-document-viewer/ThumbsMainToolbar.m"; sourceTree = "<group>"; };
		B8A3B8454E1F47138D1123A7 /* ThumbsMainToolbar+SDVThumbsMainToolbarPassThrough.h */ = {isa = PBXFileReference; explicitFileType = undefined; fileEncoding = 4; includeInIndex = 0; lastKnownFileType = sourcecode.c.h; name = "ThumbsMainToolbar+SDVThumbsMainToolbarPassThrough.h"; path = "cordova-plugin-document-viewer/ThumbsMainToolbar+SDVThumbsMainToolbarPassThrough.h"; sourceTree = "<group>"; };
		B9BF97B83E6F465C8FB8B358 /* ThumbsMainToolbar.h */ = {isa = PBXFileReference; explicitFileType = undefined; fileEncoding = 4; includeInIndex = 0; lastKnownFileType = sourcecode.c.h; name = ThumbsMainToolbar.h; path = "cordova-plugin-document-viewer/ThumbsMainToolbar.h"; sourceTree = "<group>"; };
		BE9DC8CBDC104C24AF388AA3 /* ReaderMainToolbar.h */ = {isa = PBXFileReference; explicitFileType = undefined; fileEncoding = 4; includeInIndex = 0; lastKnownFileType = sourcecode.c.h; name = ReaderMainToolbar.h; path = "cordova-plugin-document-viewer/ReaderMainToolbar.h"; sourceTree = "<group>"; };
		BF706E11592745CC9E25414B /* Reader-Print@2x.png */ = {isa = PBXFileReference; explicitFileType = undefined; fileEncoding = 9; includeInIndex = 0; lastKnownFileType = unknown; path = "Reader-Print@2x.png"; sourceTree = "<group>"; };
		C1B71682AF4542EA991844A2 /* Default-568h@2x.png */ = {isa = PBXFileReference; explicitFileType = undefined; fileEncoding = 9; includeInIndex = 0; lastKnownFileType = unknown; path = "Default-568h@2x.png"; sourceTree = "<group>"; };
		C2DDA514C0CF431F98C42765 /* SDVThumbsMainToolbar.m */ = {isa = PBXFileReference; explicitFileType = undefined; fileEncoding = 4; includeInIndex = 0; lastKnownFileType = sourcecode.c.objc; name = SDVThumbsMainToolbar.m; path = "cordova-plugin-document-viewer/SDVThumbsMainToolbar.m"; sourceTree = "<group>"; };
		C4AFB7113C1D468FABD28FC0 /* Reader-Mark-N@2x.png */ = {isa = PBXFileReference; explicitFileType = undefined; fileEncoding = 9; includeInIndex = 0; lastKnownFileType = unknown; path = "Reader-Mark-N@2x.png"; sourceTree = "<group>"; };
		C605DBC7F53342FD95EFCABF /* ThumbsMainToolbar+SDVThumbsMainToolbarPassThrough.m */ = {isa = PBXFileReference; explicitFileType = undefined; fileEncoding = 4; includeInIndex = 0; lastKnownFileType = sourcecode.c.objc; name = "ThumbsMainToolbar+SDVThumbsMainToolbarPassThrough.m"; path = "cordova-plugin-document-viewer/ThumbsMainToolbar+SDVThumbsMainToolbarPassThrough.m"; sourceTree = "<group>"; };
		C9884FD9BD2E47BBBD2BCBC1 /* Reader-Mark-Y@2x.png */ = {isa = PBXFileReference; explicitFileType = undefined; fileEncoding = 9; includeInIndex = 0; lastKnownFileType = unknown; path = "Reader-Mark-Y@2x.png"; sourceTree = "<group>"; };
		CF0D801861474136A032B64E /* CGPDFDocument.m */ = {isa = PBXFileReference; explicitFileType = undefined; fileEncoding = 4; includeInIndex = 0; lastKnownFileType = sourcecode.c.objc; name = CGPDFDocument.m; path = "cordova-plugin-document-viewer/CGPDFDocument.m"; sourceTree = "<group>"; };
		D54C2D7F242F46949DBC6C07 /* SDVReader-Outline.png */ = {isa = PBXFileReference; explicitFileType = undefined; fileEncoding = 9; includeInIndex = 0; lastKnownFileType = unknown; path = "SDVReader-Outline.png"; sourceTree = "<group>"; };
		D6830C6EFD2D4CCEAA99AF6D /* ReaderMainToolbar+SDVReaderMainToolbarPassThrough.h */ = {isa = PBXFileReference; explicitFileType = undefined; fileEncoding = 4; includeInIndex = 0; lastKnownFileType = sourcecode.c.h; name = "ReaderMainToolbar+SDVReaderMainToolbarPassThrough.h"; path = "cordova-plugin-document-viewer/ReaderMainToolbar+SDVReaderMainToolbarPassThrough.h"; sourceTree = "<group>"; };
		D8F47D572DA149DCB06AEDC2 /* ReaderThumbView.h */ = {isa = PBXFileReference; explicitFileType = undefined; fileEncoding = 4; includeInIndex = 0; lastKnownFileType = sourcecode.c.h; name = ReaderThumbView.h; path = "cordova-plugin-document-viewer/ReaderThumbView.h"; sourceTree = "<group>"; };
		D906A202ECF949B6B37831F1 /* ReaderViewController+SDVReaderViewControllerPassThrough.m */ = {isa = PBXFileReference; explicitFileType = undefined; fileEncoding = 4; includeInIndex = 0; lastKnownFileType = sourcecode.c.objc; name = "ReaderViewController+SDVReaderViewControllerPassThrough.m"; path = "cordova-plugin-document-viewer/ReaderViewController+SDVReaderViewControllerPassThrough.m"; sourceTree = "<group>"; };
		D95632A836184C9F8A093711 /* CDVLocalFilesystem.m */ = {isa = PBXFileReference; explicitFileType = undefined; fileEncoding = 4; includeInIndex = 0; lastKnownFileType = sourcecode.c.objc; name = CDVLocalFilesystem.m; path = "cordova-plugin-file/CDVLocalFilesystem.m"; sourceTree = "<group>"; };
		DA9F30219ACC43F99405CBA6 /* CDVViewController+SplashScreen.m */ = {isa = PBXFileReference; explicitFileType = undefined; fileEncoding = 4; includeInIndex = 0; lastKnownFileType = sourcecode.c.objc; name = "CDVViewController+SplashScreen.m"; path = "cordova-plugin-splashscreen/CDVViewController+SplashScreen.m"; sourceTree = "<group>"; };
		DBA1ACF717B94447B98EE894 /* ReaderThumbView.m */ = {isa = PBXFileReference; explicitFileType = undefined; fileEncoding = 4; includeInIndex = 0; lastKnownFileType = sourcecode.c.objc; name = ReaderThumbView.m; path = "cordova-plugin-document-viewer/ReaderThumbView.m"; sourceTree = "<group>"; };
		DFB049CF39D748A188A6C51F /* Reader-Button-H.png */ = {isa = PBXFileReference; explicitFileType = undefined; fileEncoding = 9; includeInIndex = 0; lastKnownFileType = unknown; path = "Reader-Button-H.png"; sourceTree = "<group>"; };
		E6C9CFAA1F434ABABEC32C4B /* Reader-Export@2x.png */ = {isa = PBXFileReference; explicitFileType = undefined; fileEncoding = 9; includeInIndex = 0; lastKnownFileType = unknown; path = "Reader-Export@2x.png"; sourceTree = "<group>"; };
		E8405213CFE74F51AAE8FF16 /* ReaderContentView.h */ = {isa = PBXFileReference; explicitFileType = undefined; fileEncoding = 4; includeInIndex = 0; lastKnownFileType = sourcecode.c.h; name = ReaderContentView.h; path = "cordova-plugin-document-viewer/ReaderContentView.h"; sourceTree = "<group>"; };
		E8457D68FFEF4400AA422DE6 /* Reader-Thumbs.png */ = {isa = PBXFileReference; explicitFileType = undefined; fileEncoding = 9; includeInIndex = 0; lastKnownFileType = unknown; path = "Reader-Thumbs.png"; sourceTree = "<group>"; };
		EA01B8493D3E4324888D51D8 /* ReaderThumbFetch.m */ = {isa = PBXFileReference; explicitFileType = undefined; fileEncoding = 4; includeInIndex = 0; lastKnownFileType = sourcecode.c.objc; name = ReaderThumbFetch.m; path = "cordova-plugin-document-viewer/ReaderThumbFetch.m"; sourceTree = "<group>"; };
		EB028DED254E47A2A518C02D /* SDVReaderViewController.m */ = {isa = PBXFileReference; explicitFileType = undefined; fileEncoding = 4; includeInIndex = 0; lastKnownFileType = sourcecode.c.objc; name = SDVReaderViewController.m; path = "cordova-plugin-document-viewer/SDVReaderViewController.m"; sourceTree = "<group>"; };
		EB2E3EFDEC98462BA76387AB /* SDVReaderContentViewDoublePage.h */ = {isa = PBXFileReference; explicitFileType = undefined; fileEncoding = 4; includeInIndex = 0; lastKnownFileType = sourcecode.c.h; name = SDVReaderContentViewDoublePage.h; path = "cordova-plugin-document-viewer/SDVReaderContentViewDoublePage.h"; sourceTree = "<group>"; };
		EB87FDF31871DA8E0020F90C /* www */ = {isa = PBXFileReference; lastKnownFileType = folder; name = www; path = ../../www; sourceTree = "<group>"; };
		EB87FDF41871DAF40020F90C /* config.xml */ = {isa = PBXFileReference; lastKnownFileType = text.xml; name = config.xml; path = ../../config.xml; sourceTree = "<group>"; };
		EBB1EB8A40CB4BAFBCCE4C20 /* CDVDevice.m */ = {isa = PBXFileReference; explicitFileType = undefined; fileEncoding = 4; includeInIndex = 0; lastKnownFileType = sourcecode.c.objc; name = CDVDevice.m; path = "cordova-plugin-device/CDVDevice.m"; sourceTree = "<group>"; };
		ECA2F9EF85A24F72A6E3C9C6 /* CDVAssetLibraryFilesystem.m */ = {isa = PBXFileReference; explicitFileType = undefined; fileEncoding = 4; includeInIndex = 0; lastKnownFileType = sourcecode.c.objc; name = CDVAssetLibraryFilesystem.m; path = "cordova-plugin-file/CDVAssetLibraryFilesystem.m"; sourceTree = "<group>"; };
		ED33DF2A687741AEAF9F8254 /* Bridging-Header.h */ = {isa = PBXFileReference; fileEncoding = 4; lastKnownFileType = sourcecode.c.h; path = "Bridging-Header.h"; sourceTree = "<group>"; };
		F02C7D4385A245E78A155C90 /* Reader-Mark-N.png */ = {isa = PBXFileReference; explicitFileType = undefined; fileEncoding = 9; includeInIndex = 0; lastKnownFileType = unknown; path = "Reader-Mark-N.png"; sourceTree = "<group>"; };
		F4AB0C316C454216ADA2CF45 /* ReaderMainToolbar.m */ = {isa = PBXFileReference; explicitFileType = undefined; fileEncoding = 4; includeInIndex = 0; lastKnownFileType = sourcecode.c.objc; name = ReaderMainToolbar.m; path = "cordova-plugin-document-viewer/ReaderMainToolbar.m"; sourceTree = "<group>"; };
		F8160449D98049F4857B874F /* CDVWKProcessPoolFactory.m */ = {isa = PBXFileReference; explicitFileType = undefined; fileEncoding = 4; includeInIndex = 0; lastKnownFileType = sourcecode.c.objc; name = CDVWKProcessPoolFactory.m; path = "cordova-plugin-wkwebview-engine/CDVWKProcessPoolFactory.m"; sourceTree = "<group>"; };
		F840E1F0165FE0F500CFE078 /* config.xml */ = {isa = PBXFileReference; lastKnownFileType = text.xml; name = config.xml; path = "Laporan Perekonomian Indonesia/config.xml"; sourceTree = "<group>"; };
		FA44DC1CDF944E52A8EF02B3 /* SDVThumbsViewController.m */ = {isa = PBXFileReference; explicitFileType = undefined; fileEncoding = 4; includeInIndex = 0; lastKnownFileType = sourcecode.c.objc; name = SDVThumbsViewController.m; path = "cordova-plugin-document-viewer/SDVThumbsViewController.m"; sourceTree = "<group>"; };
		FA82FF90EBBF4FC0BB1C74EC /* SDVThumbsMainToolbar.h */ = {isa = PBXFileReference; explicitFileType = undefined; fileEncoding = 4; includeInIndex = 0; lastKnownFileType = sourcecode.c.h; name = SDVThumbsMainToolbar.h; path = "cordova-plugin-document-viewer/SDVThumbsMainToolbar.h"; sourceTree = "<group>"; };
		FD698E21131E44569EE4D0BA /* CDVWKWebViewUIDelegate.m */ = {isa = PBXFileReference; explicitFileType = undefined; fileEncoding = 4; includeInIndex = 0; lastKnownFileType = sourcecode.c.objc; name = CDVWKWebViewUIDelegate.m; path = "cordova-plugin-wkwebview-engine/CDVWKWebViewUIDelegate.m"; sourceTree = "<group>"; };
		FF45035D28A341DEA5AFED63 /* ReaderThumbsView.m */ = {isa = PBXFileReference; explicitFileType = undefined; fileEncoding = 4; includeInIndex = 0; lastKnownFileType = sourcecode.c.objc; name = ReaderThumbsView.m; path = "cordova-plugin-document-viewer/ReaderThumbsView.m"; sourceTree = "<group>"; };
/* End PBXFileReference section */

/* Begin PBXFrameworksBuildPhase section */
		1D60588F0D05DD3D006BFB54 /* Frameworks */ = {
			isa = PBXFrameworksBuildPhase;
			buildActionMask = 2147483647;
			files = (
				301BF552109A68D80062928A /* libCordova.a in Frameworks */,
				5132BFA53C5148739FA146EA /* UIKit.framework in Frameworks */,
				716F97E97A704110867D2CB7 /* Foundation.framework in Frameworks */,
				41D69A0C7147449B92BCA02D /* QuartzCore.framework in Frameworks */,
				2B41DF1D942B4478A13DAAEC /* ImageIO.framework in Frameworks */,
				DAE4336863CD45879C2037C6 /* MessageUI.framework in Frameworks */,
				C72FED4F83514362890CD22B /* WebKit.framework in Frameworks */,
			);
			runOnlyForDeploymentPostprocessing = 0;
		};
/* End PBXFrameworksBuildPhase section */

/* Begin PBXGroup section */
		080E96DDFE201D6D7F000001 /* Classes */ = {
			isa = PBXGroup;
			children = (
				302D95EE14D2391D003F00A1 /* MainViewController.h */,
				302D95EF14D2391D003F00A1 /* MainViewController.m */,
				302D95F014D2391D003F00A1 /* MainViewController.xib */,
				1D3623240D0F684500981E51 /* AppDelegate.h */,
				1D3623250D0F684500981E51 /* AppDelegate.m */,
			);
			name = Classes;
			path = "Laporan Perekonomian Indonesia/Classes";
			sourceTree = SOURCE_ROOT;
		};
		19C28FACFE9D520D11CA2CBB /* Products */ = {
			isa = PBXGroup;
			children = (
				1D6058910D05DD3D006BFB54 /* Laporan Perekonomian Indonesia.app */,
			);
			name = Products;
			sourceTree = "<group>";
		};
		29B97314FDCFA39411CA2CEA /* CustomTemplate */ = {
			isa = PBXGroup;
			children = (
				EB87FDF41871DAF40020F90C /* config.xml */,
				EB87FDF31871DA8E0020F90C /* www */,
				EB87FDF11871DA420020F90C /* Staging */,
				301BF52D109A57CC0062928A /* CordovaLib.xcodeproj */,
				080E96DDFE201D6D7F000001 /* Classes */,
				307C750510C5A3420062BCA9 /* Plugins */,
				29B97315FDCFA39411CA2CEA /* Other Sources */,
				29B97317FDCFA39411CA2CEA /* Resources */,
				29B97323FDCFA39411CA2CEA /* Frameworks */,
				19C28FACFE9D520D11CA2CBB /* Products */,
			);
			name = CustomTemplate;
			sourceTree = "<group>";
		};
		29B97315FDCFA39411CA2CEA /* Other Sources */ = {
			isa = PBXGroup;
			children = (
				32CA4F630368D1EE00C91783 /* Laporan Perekonomian Indonesia-Prefix.pch */,
				29B97316FDCFA39411CA2CEA /* main.m */,
				ED33DF2A687741AEAF9F8254 /* Bridging-Header.h */,
			);
			name = "Other Sources";
			path = "Laporan Perekonomian Indonesia";
			sourceTree = "<group>";
		};
		29B97317FDCFA39411CA2CEA /* Resources */ = {
			isa = PBXGroup;
			children = (
				0207DA571B56EA530066E2B4 /* Images.xcassets */,
				3047A50E1AB8057F00498E2A /* config */,
				8D1107310486CEB800E47090 /* Laporan Perekonomian Indonesia-Info.plist */,
				6AFF5BF81D6E424B00AB3073 /* CDVLaunchScreen.storyboard */,
				C1B71682AF4542EA991844A2 /* Default-568h@2x.png */,
				DFB049CF39D748A188A6C51F /* Reader-Button-H.png */,
				7A95CE93FBBD46E18168D9CB /* Reader-Button-H@2x.png */,
				B0BC1500E1304D579A649FAB /* Reader-Button-N.png */,
				6EBF38CBE8904F4F81B30F85 /* Reader-Button-N@2x.png */,
				A7AFC51F4787444A90601A66 /* Reader-Email.png */,
				2D100C19587C4DA1AA4C1766 /* Reader-Email@2x.png */,
				8D44E06701B84414A20F4F1A /* Reader-Export.png */,
				E6C9CFAA1F434ABABEC32C4B /* Reader-Export@2x.png */,
				F02C7D4385A245E78A155C90 /* Reader-Mark-N.png */,
				C4AFB7113C1D468FABD28FC0 /* Reader-Mark-N@2x.png */,
				4890F2FCEDE84B7C8A46ED8D /* Reader-Mark-Y.png */,
				C9884FD9BD2E47BBBD2BCBC1 /* Reader-Mark-Y@2x.png */,
				8835813B7D444AB6839BCC8F /* Reader-Print.png */,
				BF706E11592745CC9E25414B /* Reader-Print@2x.png */,
				E8457D68FFEF4400AA422DE6 /* Reader-Thumbs.png */,
				6BBD953274754679A3A18161 /* Reader-Thumbs@2x.png */,
				65A2EAC04C744AC984F3605F /* SDVReader-CoverPage.png */,
				5E670EFF721D4730B318E939 /* SDVReader-CoverPage@2x.png */,
				0A7E0DF422804446A93AE4AC /* SDVReader-DoublePage.png */,
				2346D05004B04EE5A5324C48 /* SDVReader-DoublePage@2x.png */,
				D54C2D7F242F46949DBC6C07 /* SDVReader-Outline.png */,
				2585983A260444F8BCD839A4 /* SDVReader-Outline@2x.png */,
				30D352FD019643299CB4DCC6 /* SDVReader-SinglePage.png */,
				30A74C65216A4395AEF6FCE9 /* SDVReader-SinglePage@2x.png */,
			);
			name = Resources;
			path = "Laporan Perekonomian Indonesia/Resources";
			sourceTree = "<group>";
		};
		29B97323FDCFA39411CA2CEA /* Frameworks */ = {
			isa = PBXGroup;
			children = (
				ABEB9A77A3BC4C888C6CA665 /* UIKit.framework */,
				0ED9C3CDCBBA41FA92BB2114 /* Foundation.framework */,
				4CD3D48804BB4144A763630D /* QuartzCore.framework */,
				01000D3E77C04CFB871EF850 /* ImageIO.framework */,
				5EBE485BFB954ABE9206523E /* MessageUI.framework */,
				1AEF9437487B47E7A1FC2CBE /* WebKit.framework */,
			);
			name = Frameworks;
			sourceTree = "<group>";
		};
		301BF52E109A57CC0062928A /* Products */ = {
			isa = PBXGroup;
			children = (
				301BF535109A57CC0062928A /* libCordova.a */,
				907D8124214C687600058A10 /* Cordova.framework */,
			);
			name = Products;
			sourceTree = "<group>";
		};
		3047A50E1AB8057F00498E2A /* config */ = {
			isa = PBXGroup;
			children = (
				3047A50F1AB8059700498E2A /* build-debug.xcconfig */,
				3047A5101AB8059700498E2A /* build-release.xcconfig */,
				3047A5111AB8059700498E2A /* build.xcconfig */,
			);
			name = config;
			sourceTree = "<group>";
		};
		307C750510C5A3420062BCA9 /* Plugins */ = {
			isa = PBXGroup;
			children = (
				EBB1EB8A40CB4BAFBCCE4C20 /* CDVDevice.m */,
				486CA62866AF425A9E632D20 /* CDVDevice.h */,
				4E7707F169F34DE89371DA03 /* SitewaertsDocumentViewer.m */,
				CF0D801861474136A032B64E /* CGPDFDocument.m */,
				AC286ACD3B6546DCB5DD74BD /* ReaderConstants.m */,
				81460D00364044D993F3F12D /* ReaderContentPage.m */,
				39163E35EB464C099A1533CF /* ReaderContentTile.m */,
				158B70D3B9BF4392ACCD651F /* ReaderContentView.m */,
				A0444284686C44BCACDB3810 /* ReaderDocument.m */,
				A67E7C5098DF42CBACEA7C95 /* ReaderDocumentOutline.m */,
				4A1CB176CE6740419A863DD4 /* ReaderMainPagebar.m */,
				F4AB0C316C454216ADA2CF45 /* ReaderMainToolbar.m */,
				995A550D7DBB4A7C935019A7 /* ReaderMainToolbar+SDVReaderMainToolbarPassThrough.m */,
				065FC3C4D51241F18EF6121C /* ReaderThumbCache.m */,
				EA01B8493D3E4324888D51D8 /* ReaderThumbFetch.m */,
				53B869B6FFE649DCAE2C3BA4 /* ReaderThumbQueue.m */,
				4121531433EE4474B610BC47 /* ReaderThumbRender.m */,
				630D4C05AF3C440BA8134412 /* ReaderThumbRequest.m */,
				FF45035D28A341DEA5AFED63 /* ReaderThumbsView.m */,
				DBA1ACF717B94447B98EE894 /* ReaderThumbView.m */,
				A4D489EBDB38440383D151F6 /* ReaderViewController.m */,
				D906A202ECF949B6B37831F1 /* ReaderViewController+SDVReaderViewControllerPassThrough.m */,
				AD6A7F96187A414B95354DE9 /* SDVReaderContentViewDoublePage.m */,
				3F3DC68D1DA24A36BCE2A51F /* SDVReaderMainPagebar.m */,
				36516A5A3C4D43E9B84F5B0D /* SDVReaderMainToolbar.m */,
				EB028DED254E47A2A518C02D /* SDVReaderViewController.m */,
				C2DDA514C0CF431F98C42765 /* SDVThumbsMainToolbar.m */,
				FA44DC1CDF944E52A8EF02B3 /* SDVThumbsViewController.m */,
				B67DBF230D58430BB31F99E0 /* ThumbsMainToolbar.m */,
				C605DBC7F53342FD95EFCABF /* ThumbsMainToolbar+SDVThumbsMainToolbarPassThrough.m */,
				2DEB1C79562E4FB5828F9A86 /* ThumbsViewController.m */,
				5D50ECDBADA846E4AB18AF2C /* ThumbsViewController+SDVThumbsViewControllerPassThrough.m */,
				39AAB365C1584741AC6CEEE1 /* UIXToolbarView.m */,
				5A4C31430EB54B3B8BC7AA48 /* SitewaertsDocumentViewer.h */,
				8DEE48D0402A4C54B54D5F55 /* CGPDFDocument.h */,
				A7E096C61602483B9C889BBE /* ReaderConstants.h */,
				793BBC56373746FE8D7B7D0E /* ReaderContentPage.h */,
				5640A266307A4908A67F27DD /* ReaderContentTile.h */,
				E8405213CFE74F51AAE8FF16 /* ReaderContentView.h */,
				0D45242A8A984E82B3274959 /* ReaderDocument.h */,
				62930B2428FD419DBFFF4889 /* ReaderDocumentOutline.h */,
				397B0AB1F4E44217A9227B31 /* ReaderMainPagebar.h */,
				BE9DC8CBDC104C24AF388AA3 /* ReaderMainToolbar.h */,
				D6830C6EFD2D4CCEAA99AF6D /* ReaderMainToolbar+SDVReaderMainToolbarPassThrough.h */,
				272CA9BBAA7544309CCFCCEA /* ReaderThumbCache.h */,
				1008D702F7BC475FAFA8DBD8 /* ReaderThumbFetch.h */,
				72FCB36EB91D417295A62FEC /* ReaderThumbQueue.h */,
				A453FAB35CCD49DFBA512307 /* ReaderThumbRender.h */,
				552FFD468A964B59AF24147C /* ReaderThumbRequest.h */,
				6351317BF57E45A9A39149E4 /* ReaderThumbsView.h */,
				D8F47D572DA149DCB06AEDC2 /* ReaderThumbView.h */,
				4AB455C15BD34D0EBE3E2163 /* ReaderViewController.h */,
				22C4D0EAB14A4970AC6C8207 /* ReaderViewController+SDVReaderViewControllerPassThrough.h */,
				EB2E3EFDEC98462BA76387AB /* SDVReaderContentViewDoublePage.h */,
				48C78D93F25C4E4A82882441 /* SDVReaderMainPagebar.h */,
				3D0EE2929E604A33B343E070 /* SDVReaderMainToolbar.h */,
				0BFF9A07ED354480985BCD7F /* SDVReaderViewController.h */,
				FA82FF90EBBF4FC0BB1C74EC /* SDVThumbsMainToolbar.h */,
				66E0B2D3DD6C44AC840A936F /* SDVThumbsViewController.h */,
				B9BF97B83E6F465C8FB8B358 /* ThumbsMainToolbar.h */,
				B8A3B8454E1F47138D1123A7 /* ThumbsMainToolbar+SDVThumbsMainToolbarPassThrough.h */,
				5C3FA9122D9349D3AD1546F3 /* ThumbsViewController.h */,
				62B70FD719A34EECAA17A4B7 /* ThumbsViewController+SDVThumbsViewControllerPassThrough.h */,
				3F9B0B70069E4135906D6457 /* UIXToolbarView.h */,
				3197C6CA14684807B0CDEF28 /* CDVFile.m */,
				D95632A836184C9F8A093711 /* CDVLocalFilesystem.m */,
				ECA2F9EF85A24F72A6E3C9C6 /* CDVAssetLibraryFilesystem.m */,
				4E718DD1B21C4F3AA18A74ED /* CDVFile.h */,
				8565A668EB5D4E14B6F71FE1 /* CDVLocalFilesystem.h */,
				7893F16A6A6B40F68DBC0198 /* CDVAssetLibraryFilesystem.h */,
				A5A7A66A8EED44E98A8293CE /* CDVFileTransfer.m */,
				56034884A071415A84320C51 /* CDVFileTransfer.h */,
				29B7639E4EE54DF783310971 /* CDVSplashScreen.m */,
				DA9F30219ACC43F99405CBA6 /* CDVViewController+SplashScreen.m */,
				7C5DE906B805461F8C7DDD82 /* CDVSplashScreen.h */,
				2FCE144AF2A64B87AE5A4B56 /* CDVViewController+SplashScreen.h */,
				2E63EAA0DE0540A29331D0D9 /* CDVStatusBar.m */,
				315DE3E6D9A646DB9AE75D41 /* CDVStatusBar.h */,
				5B05A7A3FA864E2AA13EECD6 /* CDVWKWebViewEngine.m */,
				FD698E21131E44569EE4D0BA /* CDVWKWebViewUIDelegate.m */,
				F8160449D98049F4857B874F /* CDVWKProcessPoolFactory.m */,
				39E6B44663E24400B7ACA9FE /* CDVWKWebViewEngine.h */,
				7605D550DF534602A1C6152D /* CDVWKWebViewUIDelegate.h */,
				847A7DF54C4646B384B6AEFC /* CDVWKProcessPoolFactory.h */,
				2D8E8AFE1F84471A8C8592EC /* CDVWKWebViewEngine+FileXhrFix.m */,
				36CBE0557CBA4551B11A4A77 /* CDVWKWebViewEngine+FileXhrFix.h */,
			);
			name = Plugins;
			path = "Laporan Perekonomian Indonesia/Plugins";
			sourceTree = SOURCE_ROOT;
		};
		EB87FDF11871DA420020F90C /* Staging */ = {
			isa = PBXGroup;
			children = (
				F840E1F0165FE0F500CFE078 /* config.xml */,
				301BF56E109A69640062928A /* www */,
			);
			name = Staging;
			sourceTree = "<group>";
		};
/* End PBXGroup section */

/* Begin PBXNativeTarget section */
		1D6058900D05DD3D006BFB54 /* Laporan Perekonomian Indonesia */ = {
			isa = PBXNativeTarget;
			buildConfigurationList = 1D6058960D05DD3E006BFB54 /* Build configuration list for PBXNativeTarget "Laporan Perekonomian Indonesia" */;
			buildPhases = (
				304B58A110DAC018002A0835 /* Copy www directory */,
				1D60588D0D05DD3D006BFB54 /* Resources */,
				1D60588E0D05DD3D006BFB54 /* Sources */,
				1D60588F0D05DD3D006BFB54 /* Frameworks */,
			);
			buildRules = (
			);
			dependencies = (
				301BF551109A68C00062928A /* PBXTargetDependency */,
			);
			name = "Laporan Perekonomian Indonesia";
			productName = "Laporan Perekonomian Indonesia";
			productReference = 1D6058910D05DD3D006BFB54 /* Laporan Perekonomian Indonesia.app */;
			productType = "com.apple.product-type.application";
		};
/* End PBXNativeTarget section */

/* Begin PBXProject section */
		29B97313FDCFA39411CA2CEA /* Project object */ = {
			isa = PBXProject;
			attributes = {
				LastUpgradeCheck = 510;
				TargetAttributes = {
					1D6058900D05DD3D006BFB54 = {
						DevelopmentTeam = 9YXX78XQBZ;
						ProvisioningStyle = Automatic;
					};
				};
			};
			buildConfigurationList = C01FCF4E08A954540054247B /* Build configuration list for PBXProject "Laporan Perekonomian Indonesia" */;
			compatibilityVersion = "Xcode 3.2";
			developmentRegion = English;
			hasScannedForEncodings = 1;
			knownRegions = (
				English,
				en,
				Base,
			);
			mainGroup = 29B97314FDCFA39411CA2CEA /* CustomTemplate */;
			projectDirPath = "";
			projectReferences = (
				{
					ProductGroup = 301BF52E109A57CC0062928A /* Products */;
					ProjectRef = 301BF52D109A57CC0062928A /* CordovaLib.xcodeproj */;
				},
			);
			projectRoot = "";
			targets = (
				1D6058900D05DD3D006BFB54 /* Laporan Perekonomian Indonesia */,
			);
		};
/* End PBXProject section */

/* Begin PBXReferenceProxy section */
		301BF535109A57CC0062928A /* libCordova.a */ = {
			isa = PBXReferenceProxy;
			fileType = archive.ar;
			path = libCordova.a;
			remoteRef = 301BF534109A57CC0062928A /* PBXContainerItemProxy */;
			sourceTree = BUILT_PRODUCTS_DIR;
		};
		907D8124214C687600058A10 /* Cordova.framework */ = {
			isa = PBXReferenceProxy;
			fileType = wrapper.framework;
			path = Cordova.framework;
			remoteRef = 907D8123214C687600058A10 /* PBXContainerItemProxy */;
			sourceTree = BUILT_PRODUCTS_DIR;
		};
/* End PBXReferenceProxy section */

/* Begin PBXResourcesBuildPhase section */
		1D60588D0D05DD3D006BFB54 /* Resources */ = {
			isa = PBXResourcesBuildPhase;
			buildActionMask = 2147483647;
			files = (
				302D95F214D2391D003F00A1 /* MainViewController.xib in Resources */,
				0207DA581B56EA530066E2B4 /* Images.xcassets in Resources */,
				6AFF5BF91D6E424B00AB3073 /* CDVLaunchScreen.storyboard in Resources */,
				B6012811B7E347A88CFDFDBA /* Default-568h@2x.png in Resources */,
				CCA61D58DF76401198A4E7A6 /* Reader-Button-H.png in Resources */,
				F535E7E4206D4D7FBFD86535 /* Reader-Button-H@2x.png in Resources */,
				7C4B0019767E48D484119C3F /* Reader-Button-N.png in Resources */,
				2D8A25D7FCF44115A7E24073 /* Reader-Button-N@2x.png in Resources */,
				B821EE86E60C4D5DAC0C3B85 /* Reader-Email.png in Resources */,
				699F86F7542A405E98045187 /* Reader-Email@2x.png in Resources */,
				E3373D3BE43A4C02BA1F154A /* Reader-Export.png in Resources */,
				6E552942CFF74C2886B55116 /* Reader-Export@2x.png in Resources */,
				A62D82C96EB34333BC06B43A /* Reader-Mark-N.png in Resources */,
				D01C15E8A326484D9B2CF4D9 /* Reader-Mark-N@2x.png in Resources */,
				93FEBC50FF6F4C0EAFF07A26 /* Reader-Mark-Y.png in Resources */,
				C9238279AE5C489F93E044DE /* Reader-Mark-Y@2x.png in Resources */,
				BE3FA65C49EA45A195530EFB /* Reader-Print.png in Resources */,
				552600CB68DB4711B00427BC /* Reader-Print@2x.png in Resources */,
				A2C281C055594C4D81698D16 /* Reader-Thumbs.png in Resources */,
				AB6E9393E25D4562AFC015A1 /* Reader-Thumbs@2x.png in Resources */,
				7B603C2144164F44B2527F1D /* SDVReader-CoverPage.png in Resources */,
				268185284299472081C3FA4E /* SDVReader-CoverPage@2x.png in Resources */,
				4BA0F6403E074779B1D9C15B /* SDVReader-DoublePage.png in Resources */,
				661C76E2FAF64F29A28DF040 /* SDVReader-DoublePage@2x.png in Resources */,
				6E705E497F07409DB39EC2BE /* SDVReader-Outline.png in Resources */,
				CEC26503EEFF44BCB51EE2B4 /* SDVReader-Outline@2x.png in Resources */,
				CB49EBBE89D9409DA125E250 /* SDVReader-SinglePage.png in Resources */,
				1F844D7729B34F3A89CE737E /* SDVReader-SinglePage@2x.png in Resources */,
			);
			runOnlyForDeploymentPostprocessing = 0;
		};
/* End PBXResourcesBuildPhase section */

/* Begin PBXShellScriptBuildPhase section */
		304B58A110DAC018002A0835 /* Copy www directory */ = {
			isa = PBXShellScriptBuildPhase;
			buildActionMask = 2147483647;
			files = (
			);
			inputPaths = (
			);
			name = "Copy www directory";
			outputPaths = (
			);
			runOnlyForDeploymentPostprocessing = 0;
			shellPath = /bin/sh;
			shellScript = "\"$SRCROOT/Laporan Perekonomian Indonesia/Scripts/copy-www-build-step.sh\"";
			showEnvVarsInLog = 0;
		};
/* End PBXShellScriptBuildPhase section */

/* Begin PBXSourcesBuildPhase section */
		1D60588E0D05DD3D006BFB54 /* Sources */ = {
			isa = PBXSourcesBuildPhase;
			buildActionMask = 2147483647;
			files = (
				1D60589B0D05DD56006BFB54 /* main.m in Sources */,
				1D3623260D0F684500981E51 /* AppDelegate.m in Sources */,
				302D95F114D2391D003F00A1 /* MainViewController.m in Sources */,
				39C4E689764B401AB9C86D37 /* CDVDevice.m in Sources */,
				961098AB75A24EBB8BD4A563 /* SitewaertsDocumentViewer.m in Sources */,
				DFD9FCAD9EC14C668BA9C4FE /* CGPDFDocument.m in Sources */,
				072FCC51E222428A87D4B7CE /* ReaderConstants.m in Sources */,
				C77F9F02F0E64F498364CAA3 /* ReaderContentPage.m in Sources */,
				B878792F70FD4EFFAE051D61 /* ReaderContentTile.m in Sources */,
				E00E7F35A0A34ACD83732A40 /* ReaderContentView.m in Sources */,
				6D9794F66ADC42178EAE239C /* ReaderDocument.m in Sources */,
				8DC41CF7E06E4875906215CE /* ReaderDocumentOutline.m in Sources */,
				14E5AF15969B4D93816994DC /* ReaderMainPagebar.m in Sources */,
				4E83BA51D9334DEA85481A80 /* ReaderMainToolbar.m in Sources */,
				7FCA3DE982C94F008A8BAC1A /* ReaderMainToolbar+SDVReaderMainToolbarPassThrough.m in Sources */,
				6533C48B1DA2481BAD63B124 /* ReaderThumbCache.m in Sources */,
				69A54AE0F16640759543AA2C /* ReaderThumbFetch.m in Sources */,
				D4A6643D22C34ED598BCEC5C /* ReaderThumbQueue.m in Sources */,
				C76B518F64A64BA8A4A6FB79 /* ReaderThumbRender.m in Sources */,
				5BB296E5BC804DF9804FAAE4 /* ReaderThumbRequest.m in Sources */,
				79B46550D7EB4C0D8EBA2E6F /* ReaderThumbsView.m in Sources */,
				102D07FD3E0C4DC2918AC197 /* ReaderThumbView.m in Sources */,
				76D0CFC285B04AF7806EB5C4 /* ReaderViewController.m in Sources */,
				B284306CD0894FB1979BC393 /* ReaderViewController+SDVReaderViewControllerPassThrough.m in Sources */,
				363116F3961F4A69BF697D01 /* SDVReaderContentViewDoublePage.m in Sources */,
				898F184FC3C84FD68FCBE918 /* SDVReaderMainPagebar.m in Sources */,
				F0B6A7B0EC0A4F24A6EFE352 /* SDVReaderMainToolbar.m in Sources */,
				21AADE7CE0A54AD096BFD345 /* SDVReaderViewController.m in Sources */,
				69C15239484F4E739BE7FDF4 /* SDVThumbsMainToolbar.m in Sources */,
				D9E812DF68774D7588D5BF3D /* SDVThumbsViewController.m in Sources */,
				3BAE42868C6748BE983E4FC8 /* ThumbsMainToolbar.m in Sources */,
				98B9598A4D5544218840EB20 /* ThumbsMainToolbar+SDVThumbsMainToolbarPassThrough.m in Sources */,
				CF1D2269AE504809AC8F1698 /* ThumbsViewController.m in Sources */,
				AAD40639BFF44EF682FEFBAC /* ThumbsViewController+SDVThumbsViewControllerPassThrough.m in Sources */,
				346036438E3B47E69DB9C398 /* UIXToolbarView.m in Sources */,
				2207B8ABE83B4D2DBBE6BEBA /* CDVFile.m in Sources */,
				9568EE6009F1467B8CE463CB /* CDVLocalFilesystem.m in Sources */,
				C7BB6E9D39FF47B0B78A87C9 /* CDVAssetLibraryFilesystem.m in Sources */,
				D08DDE02704D4570AB88EE08 /* CDVFileTransfer.m in Sources */,
				88B283A10B4E49FF997CDCBD /* CDVSplashScreen.m in Sources */,
				A30817E1D26447A7A041F893 /* CDVViewController+SplashScreen.m in Sources */,
				0D45E9FE848341CD82AFC4ED /* CDVStatusBar.m in Sources */,
				F5B21F3EBC2C4D14AD3C3A3A /* CDVWKWebViewEngine.m in Sources */,
				696397FCCCCB4C77BFEE0A05 /* CDVWKWebViewUIDelegate.m in Sources */,
				C3A6AA4E597D4DCCB613DEE8 /* CDVWKProcessPoolFactory.m in Sources */,
				2FF953C50CD04DB48F3ADF16 /* CDVWKWebViewEngine+FileXhrFix.m in Sources */,
			);
			runOnlyForDeploymentPostprocessing = 0;
		};
/* End PBXSourcesBuildPhase section */

/* Begin PBXTargetDependency section */
		301BF551109A68C00062928A /* PBXTargetDependency */ = {
			isa = PBXTargetDependency;
			name = CordovaLib;
			targetProxy = 301BF550109A68C00062928A /* PBXContainerItemProxy */;
		};
/* End PBXTargetDependency section */

/* Begin XCBuildConfiguration section */
		1D6058940D05DD3E006BFB54 /* Debug */ = {
			isa = XCBuildConfiguration;
			baseConfigurationReference = 3047A50F1AB8059700498E2A /* build-debug.xcconfig */;
			buildSettings = {
				ALWAYS_SEARCH_USER_PATHS = NO;
				ASSETCATALOG_COMPILER_APPICON_NAME = AppIcon;
				ASSETCATALOG_COMPILER_LAUNCHIMAGE_NAME = LaunchImage;
				CLANG_ENABLE_MODULES = YES;
				CLANG_ENABLE_OBJC_ARC = YES;
				COPY_PHASE_STRIP = NO;
				DEVELOPMENT_TEAM = 9YXX78XQBZ;
				GCC_DYNAMIC_NO_PIC = NO;
				GCC_OPTIMIZATION_LEVEL = 0;
				GCC_PRECOMPILE_PREFIX_HEADER = YES;
				GCC_PREFIX_HEADER = "Laporan Perekonomian Indonesia/Laporan Perekonomian Indonesia-Prefix.pch";
				GCC_THUMB_SUPPORT = NO;
				GCC_VERSION = "";
				INFOPLIST_FILE = "Laporan Perekonomian Indonesia/Laporan Perekonomian Indonesia-Info.plist";
				IPHONEOS_DEPLOYMENT_TARGET = 10.0;
				LD_RUNPATH_SEARCH_PATHS = "@executable_path/Frameworks";
				PRODUCT_BUNDLE_IDENTIFIER = com.backstage.biProject;
				PRODUCT_NAME = "$(TARGET_NAME)";
				TARGETED_DEVICE_FAMILY = "1,2";
				WK_WEB_VIEW_ONLY = 1;
			};
			name = Debug;
		};
		1D6058950D05DD3E006BFB54 /* Release */ = {
			isa = XCBuildConfiguration;
			baseConfigurationReference = 3047A5101AB8059700498E2A /* build-release.xcconfig */;
			buildSettings = {
				ALWAYS_SEARCH_USER_PATHS = NO;
				ASSETCATALOG_COMPILER_APPICON_NAME = AppIcon;
				ASSETCATALOG_COMPILER_LAUNCHIMAGE_NAME = LaunchImage;
				CLANG_ENABLE_MODULES = YES;
				CLANG_ENABLE_OBJC_ARC = YES;
				COPY_PHASE_STRIP = YES;
				DEVELOPMENT_TEAM = 9YXX78XQBZ;
				GCC_PRECOMPILE_PREFIX_HEADER = YES;
				GCC_PREFIX_HEADER = "Laporan Perekonomian Indonesia/Laporan Perekonomian Indonesia-Prefix.pch";
				GCC_THUMB_SUPPORT = NO;
				GCC_VERSION = "";
				INFOPLIST_FILE = "Laporan Perekonomian Indonesia/Laporan Perekonomian Indonesia-Info.plist";
				IPHONEOS_DEPLOYMENT_TARGET = 10.0;
				LD_RUNPATH_SEARCH_PATHS = "@executable_path/Frameworks";
				PRODUCT_BUNDLE_IDENTIFIER = com.backstage.biProject;
				PRODUCT_NAME = "$(TARGET_NAME)";
				TARGETED_DEVICE_FAMILY = "1,2";
				WK_WEB_VIEW_ONLY = 1;
			};
			name = Release;
		};
		C01FCF4F08A954540054247B /* Debug */ = {
			isa = XCBuildConfiguration;
			baseConfigurationReference = 3047A5111AB8059700498E2A /* build.xcconfig */;
			buildSettings = {
				ASSETCATALOG_COMPILER_LAUNCHIMAGE_NAME = LaunchImage;
				CLANG_ENABLE_MODULES = YES;
				CLANG_ENABLE_OBJC_ARC = YES;
				CLANG_WARN_BLOCK_CAPTURE_AUTORELEASING = YES;
				CLANG_WARN_BOOL_CONVERSION = YES;
				CLANG_WARN_COMMA = YES;
				CLANG_WARN_CONSTANT_CONVERSION = YES;
				CLANG_WARN_DEPRECATED_OBJC_IMPLEMENTATIONS = YES;
				CLANG_WARN_EMPTY_BODY = YES;
				CLANG_WARN_ENUM_CONVERSION = YES;
				CLANG_WARN_INFINITE_RECURSION = YES;
				CLANG_WARN_INT_CONVERSION = YES;
				CLANG_WARN_NON_LITERAL_NULL_CONVERSION = YES;
				CLANG_WARN_OBJC_IMPLICIT_RETAIN_SELF = YES;
				CLANG_WARN_OBJC_LITERAL_CONVERSION = YES;
				CLANG_WARN_RANGE_LOOP_ANALYSIS = YES;
				CLANG_WARN_STRICT_PROTOTYPES = YES;
				CLANG_WARN_SUSPICIOUS_MOVE = YES;
				CLANG_WARN_UNREACHABLE_CODE = YES;
				CLANG_WARN__DUPLICATE_METHOD_MATCH = YES;
				ENABLE_STRICT_OBJC_MSGSEND = YES;
				ENABLE_TESTABILITY = YES;
				GCC_C_LANGUAGE_STANDARD = c99;
				GCC_NO_COMMON_BLOCKS = YES;
				GCC_THUMB_SUPPORT = NO;
				GCC_VERSION = "";
				GCC_WARN_64_TO_32_BIT_CONVERSION = YES;
				GCC_WARN_ABOUT_RETURN_TYPE = YES;
				GCC_WARN_UNDECLARED_SELECTOR = YES;
				GCC_WARN_UNINITIALIZED_AUTOS = YES;
				GCC_WARN_UNUSED_FUNCTION = YES;
				GCC_WARN_UNUSED_VARIABLE = YES;
				ONLY_ACTIVE_ARCH = YES;
				PRODUCT_BUNDLE_IDENTIFIER = com.backstage.biProject;
				SDKROOT = iphoneos;
				SKIP_INSTALL = NO;
				TARGETED_DEVICE_FAMILY = "1,2";
				WK_WEB_VIEW_ONLY = 1;
			};
			name = Debug;
		};
		C01FCF5008A954540054247B /* Release */ = {
			isa = XCBuildConfiguration;
			baseConfigurationReference = 3047A5111AB8059700498E2A /* build.xcconfig */;
			buildSettings = {
				ASSETCATALOG_COMPILER_LAUNCHIMAGE_NAME = LaunchImage;
				CLANG_ENABLE_MODULES = YES;
				CLANG_ENABLE_OBJC_ARC = YES;
				CLANG_WARN_BLOCK_CAPTURE_AUTORELEASING = YES;
				CLANG_WARN_BOOL_CONVERSION = YES;
				CLANG_WARN_COMMA = YES;
				CLANG_WARN_CONSTANT_CONVERSION = YES;
				CLANG_WARN_DEPRECATED_OBJC_IMPLEMENTATIONS = YES;
				CLANG_WARN_EMPTY_BODY = YES;
				CLANG_WARN_ENUM_CONVERSION = YES;
				CLANG_WARN_INFINITE_RECURSION = YES;
				CLANG_WARN_INT_CONVERSION = YES;
				CLANG_WARN_NON_LITERAL_NULL_CONVERSION = YES;
				CLANG_WARN_OBJC_IMPLICIT_RETAIN_SELF = YES;
				CLANG_WARN_OBJC_LITERAL_CONVERSION = YES;
				CLANG_WARN_RANGE_LOOP_ANALYSIS = YES;
				CLANG_WARN_STRICT_PROTOTYPES = YES;
				CLANG_WARN_SUSPICIOUS_MOVE = YES;
				CLANG_WARN_UNREACHABLE_CODE = YES;
				CLANG_WARN__DUPLICATE_METHOD_MATCH = YES;
				ENABLE_STRICT_OBJC_MSGSEND = YES;
				GCC_C_LANGUAGE_STANDARD = c99;
				GCC_NO_COMMON_BLOCKS = YES;
				GCC_THUMB_SUPPORT = NO;
				GCC_VERSION = "";
				GCC_WARN_64_TO_32_BIT_CONVERSION = YES;
				GCC_WARN_ABOUT_RETURN_TYPE = YES;
				GCC_WARN_UNDECLARED_SELECTOR = YES;
				GCC_WARN_UNINITIALIZED_AUTOS = YES;
				GCC_WARN_UNUSED_FUNCTION = YES;
				GCC_WARN_UNUSED_VARIABLE = YES;
				PRODUCT_BUNDLE_IDENTIFIER = com.backstage.biProject;
				SDKROOT = iphoneos;
				SKIP_INSTALL = NO;
				TARGETED_DEVICE_FAMILY = "1,2";
				WK_WEB_VIEW_ONLY = 1;
			};
			name = Release;
		};
/* End XCBuildConfiguration section */

/* Begin XCConfigurationList section */
		1D6058960D05DD3E006BFB54 /* Build configuration list for PBXNativeTarget "Laporan Perekonomian Indonesia" */ = {
			isa = XCConfigurationList;
			buildConfigurations = (
				1D6058940D05DD3E006BFB54 /* Debug */,
				1D6058950D05DD3E006BFB54 /* Release */,
			);
			defaultConfigurationIsVisible = 0;
			defaultConfigurationName = Release;
		};
		C01FCF4E08A954540054247B /* Build configuration list for PBXProject "Laporan Perekonomian Indonesia" */ = {
			isa = XCConfigurationList;
			buildConfigurations = (
				C01FCF4F08A954540054247B /* Debug */,
				C01FCF5008A954540054247B /* Release */,
			);
			defaultConfigurationIsVisible = 0;
			defaultConfigurationName = Release;
		};
/* End XCConfigurationList section */
	};
	rootObject = 29B97313FDCFA39411CA2CEA /* Project object */;
}
